// !$*UTF8*$!
{
	archiveVersion = 1;
	classes = {
	};
	objectVersion = 46;
	objects = {

/* Begin PBXBuildFile section */
		626DA42D1BFE8CC700988FC0 /* Contact.swift in Sources */ = {isa = PBXBuildFile; fileRef = 626DA42C1BFE8CC700988FC0 /* Contact.swift */; };
		626DA42F1BFE916200988FC0 /* DataMutationActionCreator.swift in Sources */ = {isa = PBXBuildFile; fileRef = 626DA42E1BFE916200988FC0 /* DataMutationActionCreator.swift */; };
		626DA4311BFE94BC00988FC0 /* Model.swift in Sources */ = {isa = PBXBuildFile; fileRef = 626DA4301BFE94BC00988FC0 /* Model.swift */; };
		626DA4331BFE9DA400988FC0 /* DataMutationReducer.swift in Sources */ = {isa = PBXBuildFile; fileRef = 626DA4321BFE9DA400988FC0 /* DataMutationReducer.swift */; };
		626DA4351BFE9E1C00988FC0 /* DataState.swift in Sources */ = {isa = PBXBuildFile; fileRef = 626DA4341BFE9E1C00988FC0 /* DataState.swift */; };
		626DA43E1BFEAC6F00988FC0 /* ListKit.framework in Frameworks */ = {isa = PBXBuildFile; fileRef = 626DA43D1BFEAC6F00988FC0 /* ListKit.framework */; };
		626DA4431BFF943300988FC0 /* ReactiveCocoa.framework in Frameworks */ = {isa = PBXBuildFile; fileRef = 626DA4401BFF943300988FC0 /* ReactiveCocoa.framework */; };
		626DA4441BFF943300988FC0 /* Result.framework in Frameworks */ = {isa = PBXBuildFile; fileRef = 626DA4411BFF943300988FC0 /* Result.framework */; };
		626DA4471BFFE02F00988FC0 /* SwifteriOS.framework in Frameworks */ = {isa = PBXBuildFile; fileRef = 626DA4461BFFE02F00988FC0 /* SwifteriOS.framework */; };
		626DA44A1BFFE06C00988FC0 /* TwitterClient.swift in Sources */ = {isa = PBXBuildFile; fileRef = 626DA4491BFFE06C00988FC0 /* TwitterClient.swift */; };
		626DA44C1BFFE1AF00988FC0 /* SSKeychain.framework in Frameworks */ = {isa = PBXBuildFile; fileRef = 626DA44B1BFFE1AF00988FC0 /* SSKeychain.framework */; };
		626DA44F1BFFE44400988FC0 /* Authentication.swift in Sources */ = {isa = PBXBuildFile; fileRef = 626DA44E1BFFE44400988FC0 /* Authentication.swift */; };
		626DA4511BFFEDBE00988FC0 /* TwitterAPIActionCreator.swift in Sources */ = {isa = PBXBuildFile; fileRef = 626DA4501BFFEDBE00988FC0 /* TwitterAPIActionCreator.swift */; };
		626DA4531BFFEE6400988FC0 /* TwitterAPIState.swift in Sources */ = {isa = PBXBuildFile; fileRef = 626DA4521BFFEE6400988FC0 /* TwitterAPIState.swift */; };
		626DA4551BFFEF5B00988FC0 /* TwitterAPIReducer.swift in Sources */ = {isa = PBXBuildFile; fileRef = 626DA4541BFFEF5B00988FC0 /* TwitterAPIReducer.swift */; };
		626DA4571C000FAE00988FC0 /* TwitterKeys.plist in Resources */ = {isa = PBXBuildFile; fileRef = 626DA4561C000FAE00988FC0 /* TwitterKeys.plist */; };
		62D3B6BC1BF2FAA80056D509 /* AppDelegate.swift in Sources */ = {isa = PBXBuildFile; fileRef = 62D3B6BB1BF2FAA80056D509 /* AppDelegate.swift */; };
		62D3B6C11BF2FAA80056D509 /* Main.storyboard in Resources */ = {isa = PBXBuildFile; fileRef = 62D3B6BF1BF2FAA80056D509 /* Main.storyboard */; };
		62D3B6C31BF2FAA80056D509 /* Assets.xcassets in Resources */ = {isa = PBXBuildFile; fileRef = 62D3B6C21BF2FAA80056D509 /* Assets.xcassets */; };
		62D3B6C61BF2FAA80056D509 /* LaunchScreen.storyboard in Resources */ = {isa = PBXBuildFile; fileRef = 62D3B6C41BF2FAA80056D509 /* LaunchScreen.storyboard */; };
		62D3B6D11BF2FAA80056D509 /* MeetTests.swift in Sources */ = {isa = PBXBuildFile; fileRef = 62D3B6D01BF2FAA80056D509 /* MeetTests.swift */; };
		62D3B6DC1BF2FAA80056D509 /* MeetUITests.swift in Sources */ = {isa = PBXBuildFile; fileRef = 62D3B6DB1BF2FAA80056D509 /* MeetUITests.swift */; };
		62D3B6EB1BF3A9870056D509 /* AppState.swift in Sources */ = {isa = PBXBuildFile; fileRef = 62D3B6EA1BF3A9870056D509 /* AppState.swift */; };
		62D3B6ED1BF3AC5E0056D509 /* NavigationState.swift in Sources */ = {isa = PBXBuildFile; fileRef = 62D3B6EC1BF3AC5E0056D509 /* NavigationState.swift */; };
		62D3B6F01BF3AD720056D509 /* NavigationReducer.swift in Sources */ = {isa = PBXBuildFile; fileRef = 62D3B6EF1BF3AD720056D509 /* NavigationReducer.swift */; };
		62D3B6F31BF3B2AE0056D509 /* Router.swift in Sources */ = {isa = PBXBuildFile; fileRef = 62D3B6F21BF3B2AE0056D509 /* Router.swift */; };
		62D3B6F81BF3B72E0056D509 /* ContactListViewController.swift in Sources */ = {isa = PBXBuildFile; fileRef = 62D3B6F71BF3B72E0056D509 /* ContactListViewController.swift */; };
		62D3B6FA1BF3B73A0056D509 /* AddContactViewController.swift in Sources */ = {isa = PBXBuildFile; fileRef = 62D3B6F91BF3B73A0056D509 /* AddContactViewController.swift */; };
		62D3B6FD1BF445570056D509 /* MainStore.swift in Sources */ = {isa = PBXBuildFile; fileRef = 62D3B6FC1BF445570056D509 /* MainStore.swift */; };
		62D3B7001BF446310056D509 /* Actions.swift in Sources */ = {isa = PBXBuildFile; fileRef = 62D3B6FF1BF446310056D509 /* Actions.swift */; };
		62D3B7021BF4485C0056D509 /* MainReducer.swift in Sources */ = {isa = PBXBuildFile; fileRef = 62D3B7011BF4485C0056D509 /* MainReducer.swift */; };
		62D3B7041BF44C190056D509 /* NavigationActionCreators.swift in Sources */ = {isa = PBXBuildFile; fileRef = 62D3B7031BF44C190056D509 /* NavigationActionCreators.swift */; };
		62D3B7061BF457C40056D509 /* SearchTwitterViewController.swift in Sources */ = {isa = PBXBuildFile; fileRef = 62D3B7051BF457C40056D509 /* SearchTwitterViewController.swift */; };
		62D3B7301BFC58430056D509 /* EmaiIIntroViewController.swift in Sources */ = {isa = PBXBuildFile; fileRef = 62D3B72F1BFC58430056D509 /* EmaiIIntroViewController.swift */; };
		62D4927E1C02C1B200607938 /* TwitterUser.swift in Sources */ = {isa = PBXBuildFile; fileRef = 62D4927D1C02C1B200607938 /* TwitterUser.swift */; };
		62D492801C02C38A00607938 /* Unbox.framework in Frameworks */ = {isa = PBXBuildFile; fileRef = 62D4927F1C02C38A00607938 /* Unbox.framework */; };
		62F43A831C022FCD0067E132 /* AppDelegateTests.swift in Sources */ = {isa = PBXBuildFile; fileRef = 62F43A821C022FCD0067E132 /* AppDelegateTests.swift */; };
		62F43A841C0230D90067E132 /* SwifteriOS.framework in Frameworks */ = {isa = PBXBuildFile; fileRef = 626DA4461BFFE02F00988FC0 /* SwifteriOS.framework */; };
/* End PBXBuildFile section */

/* Begin PBXContainerItemProxy section */
		62D3B6CD1BF2FAA80056D509 /* PBXContainerItemProxy */ = {
			isa = PBXContainerItemProxy;
			containerPortal = 62D3B6B01BF2FAA80056D509 /* Project object */;
			proxyType = 1;
			remoteGlobalIDString = 62D3B6B71BF2FAA80056D509;
			remoteInfo = Meet;
		};
		62D3B6D81BF2FAA80056D509 /* PBXContainerItemProxy */ = {
			isa = PBXContainerItemProxy;
			containerPortal = 62D3B6B01BF2FAA80056D509 /* Project object */;
			proxyType = 1;
			remoteGlobalIDString = 62D3B6B71BF2FAA80056D509;
			remoteInfo = Meet;
		};
/* End PBXContainerItemProxy section */

/* Begin PBXCopyFilesBuildPhase section */
		626DA43B1BFEA4C200988FC0 /* Embed Frameworks */ = {
			isa = PBXCopyFilesBuildPhase;
			buildActionMask = 2147483647;
			dstPath = "";
			dstSubfolderSpec = 10;
			files = (
			);
			name = "Embed Frameworks";
			runOnlyForDeploymentPostprocessing = 0;
		};
/* End PBXCopyFilesBuildPhase section */

/* Begin PBXFileReference section */
		626DA42C1BFE8CC700988FC0 /* Contact.swift */ = {isa = PBXFileReference; fileEncoding = 4; lastKnownFileType = sourcecode.swift; path = Contact.swift; sourceTree = "<group>"; };
		626DA42E1BFE916200988FC0 /* DataMutationActionCreator.swift */ = {isa = PBXFileReference; fileEncoding = 4; lastKnownFileType = sourcecode.swift; path = DataMutationActionCreator.swift; sourceTree = "<group>"; };
		626DA4301BFE94BC00988FC0 /* Model.swift */ = {isa = PBXFileReference; fileEncoding = 4; lastKnownFileType = sourcecode.swift; path = Model.swift; sourceTree = "<group>"; };
		626DA4321BFE9DA400988FC0 /* DataMutationReducer.swift */ = {isa = PBXFileReference; fileEncoding = 4; lastKnownFileType = sourcecode.swift; path = DataMutationReducer.swift; sourceTree = "<group>"; };
		626DA4341BFE9E1C00988FC0 /* DataState.swift */ = {isa = PBXFileReference; fileEncoding = 4; lastKnownFileType = sourcecode.swift; path = DataState.swift; sourceTree = "<group>"; };
		626DA43D1BFEAC6F00988FC0 /* ListKit.framework */ = {isa = PBXFileReference; lastKnownFileType = wrapper.framework; name = ListKit.framework; path = Carthage/Build/iOS/ListKit.framework; sourceTree = SOURCE_ROOT; };
		626DA4401BFF943300988FC0 /* ReactiveCocoa.framework */ = {isa = PBXFileReference; lastKnownFileType = wrapper.framework; name = ReactiveCocoa.framework; path = Carthage/Build/iOS/ReactiveCocoa.framework; sourceTree = SOURCE_ROOT; };
		626DA4411BFF943300988FC0 /* Result.framework */ = {isa = PBXFileReference; lastKnownFileType = wrapper.framework; name = Result.framework; path = Carthage/Build/iOS/Result.framework; sourceTree = SOURCE_ROOT; };
		626DA4461BFFE02F00988FC0 /* SwifteriOS.framework */ = {isa = PBXFileReference; lastKnownFileType = wrapper.framework; name = SwifteriOS.framework; path = Carthage/Build/iOS/SwifteriOS.framework; sourceTree = SOURCE_ROOT; };
		626DA4491BFFE06C00988FC0 /* TwitterClient.swift */ = {isa = PBXFileReference; fileEncoding = 4; lastKnownFileType = sourcecode.swift; path = TwitterClient.swift; sourceTree = "<group>"; };
		626DA44B1BFFE1AF00988FC0 /* SSKeychain.framework */ = {isa = PBXFileReference; lastKnownFileType = wrapper.framework; name = SSKeychain.framework; path = Carthage/Build/iOS/SSKeychain.framework; sourceTree = SOURCE_ROOT; };
		626DA44E1BFFE44400988FC0 /* Authentication.swift */ = {isa = PBXFileReference; fileEncoding = 4; lastKnownFileType = sourcecode.swift; path = Authentication.swift; sourceTree = "<group>"; };
		626DA4501BFFEDBE00988FC0 /* TwitterAPIActionCreator.swift */ = {isa = PBXFileReference; fileEncoding = 4; lastKnownFileType = sourcecode.swift; path = TwitterAPIActionCreator.swift; sourceTree = "<group>"; };
		626DA4521BFFEE6400988FC0 /* TwitterAPIState.swift */ = {isa = PBXFileReference; fileEncoding = 4; lastKnownFileType = sourcecode.swift; path = TwitterAPIState.swift; sourceTree = "<group>"; };
		626DA4541BFFEF5B00988FC0 /* TwitterAPIReducer.swift */ = {isa = PBXFileReference; fileEncoding = 4; lastKnownFileType = sourcecode.swift; path = TwitterAPIReducer.swift; sourceTree = "<group>"; };
		626DA4561C000FAE00988FC0 /* TwitterKeys.plist */ = {isa = PBXFileReference; fileEncoding = 4; lastKnownFileType = text.plist.xml; path = TwitterKeys.plist; sourceTree = "<group>"; };
		62D3B6B81BF2FAA80056D509 /* Meet.app */ = {isa = PBXFileReference; explicitFileType = wrapper.application; includeInIndex = 0; path = Meet.app; sourceTree = BUILT_PRODUCTS_DIR; };
		62D3B6BB1BF2FAA80056D509 /* AppDelegate.swift */ = {isa = PBXFileReference; lastKnownFileType = sourcecode.swift; path = AppDelegate.swift; sourceTree = "<group>"; };
		62D3B6C01BF2FAA80056D509 /* Base */ = {isa = PBXFileReference; lastKnownFileType = file.storyboard; name = Base; path = Base.lproj/Main.storyboard; sourceTree = "<group>"; };
		62D3B6C21BF2FAA80056D509 /* Assets.xcassets */ = {isa = PBXFileReference; lastKnownFileType = folder.assetcatalog; path = Assets.xcassets; sourceTree = "<group>"; };
		62D3B6C51BF2FAA80056D509 /* Base */ = {isa = PBXFileReference; lastKnownFileType = file.storyboard; name = Base; path = Base.lproj/LaunchScreen.storyboard; sourceTree = "<group>"; };
		62D3B6C71BF2FAA80056D509 /* Info.plist */ = {isa = PBXFileReference; lastKnownFileType = text.plist.xml; path = Info.plist; sourceTree = "<group>"; };
		62D3B6CC1BF2FAA80056D509 /* MeetTests.xctest */ = {isa = PBXFileReference; explicitFileType = wrapper.cfbundle; includeInIndex = 0; path = MeetTests.xctest; sourceTree = BUILT_PRODUCTS_DIR; };
		62D3B6D01BF2FAA80056D509 /* MeetTests.swift */ = {isa = PBXFileReference; lastKnownFileType = sourcecode.swift; path = MeetTests.swift; sourceTree = "<group>"; };
		62D3B6D21BF2FAA80056D509 /* Info.plist */ = {isa = PBXFileReference; lastKnownFileType = text.plist.xml; path = Info.plist; sourceTree = "<group>"; };
		62D3B6D71BF2FAA80056D509 /* MeetUITests.xctest */ = {isa = PBXFileReference; explicitFileType = wrapper.cfbundle; includeInIndex = 0; path = MeetUITests.xctest; sourceTree = BUILT_PRODUCTS_DIR; };
		62D3B6DB1BF2FAA80056D509 /* MeetUITests.swift */ = {isa = PBXFileReference; lastKnownFileType = sourcecode.swift; path = MeetUITests.swift; sourceTree = "<group>"; };
		62D3B6DD1BF2FAA80056D509 /* Info.plist */ = {isa = PBXFileReference; lastKnownFileType = text.plist.xml; path = Info.plist; sourceTree = "<group>"; };
		62D3B6EA1BF3A9870056D509 /* AppState.swift */ = {isa = PBXFileReference; fileEncoding = 4; lastKnownFileType = sourcecode.swift; path = AppState.swift; sourceTree = "<group>"; };
		62D3B6EC1BF3AC5E0056D509 /* NavigationState.swift */ = {isa = PBXFileReference; fileEncoding = 4; lastKnownFileType = sourcecode.swift; path = NavigationState.swift; sourceTree = "<group>"; };
		62D3B6EF1BF3AD720056D509 /* NavigationReducer.swift */ = {isa = PBXFileReference; fileEncoding = 4; lastKnownFileType = sourcecode.swift; path = NavigationReducer.swift; sourceTree = "<group>"; };
		62D3B6F21BF3B2AE0056D509 /* Router.swift */ = {isa = PBXFileReference; fileEncoding = 4; lastKnownFileType = sourcecode.swift; path = Router.swift; sourceTree = "<group>"; };
		62D3B6F71BF3B72E0056D509 /* ContactListViewController.swift */ = {isa = PBXFileReference; fileEncoding = 4; lastKnownFileType = sourcecode.swift; path = ContactListViewController.swift; sourceTree = "<group>"; };
		62D3B6F91BF3B73A0056D509 /* AddContactViewController.swift */ = {isa = PBXFileReference; fileEncoding = 4; lastKnownFileType = sourcecode.swift; path = AddContactViewController.swift; sourceTree = "<group>"; };
		62D3B6FC1BF445570056D509 /* MainStore.swift */ = {isa = PBXFileReference; fileEncoding = 4; lastKnownFileType = sourcecode.swift; path = MainStore.swift; sourceTree = "<group>"; };
		62D3B6FF1BF446310056D509 /* Actions.swift */ = {isa = PBXFileReference; fileEncoding = 4; lastKnownFileType = sourcecode.swift; path = Actions.swift; sourceTree = "<group>"; };
		62D3B7011BF4485C0056D509 /* MainReducer.swift */ = {isa = PBXFileReference; fileEncoding = 4; lastKnownFileType = sourcecode.swift; path = MainReducer.swift; sourceTree = "<group>"; };
		62D3B7031BF44C190056D509 /* NavigationActionCreators.swift */ = {isa = PBXFileReference; fileEncoding = 4; lastKnownFileType = sourcecode.swift; path = NavigationActionCreators.swift; sourceTree = "<group>"; };
		62D3B7051BF457C40056D509 /* SearchTwitterViewController.swift */ = {isa = PBXFileReference; fileEncoding = 4; lastKnownFileType = sourcecode.swift; path = SearchTwitterViewController.swift; sourceTree = "<group>"; };
		62D3B72F1BFC58430056D509 /* EmaiIIntroViewController.swift */ = {isa = PBXFileReference; fileEncoding = 4; lastKnownFileType = sourcecode.swift; path = EmaiIIntroViewController.swift; sourceTree = "<group>"; };
		62D4927D1C02C1B200607938 /* TwitterUser.swift */ = {isa = PBXFileReference; fileEncoding = 4; lastKnownFileType = sourcecode.swift; path = TwitterUser.swift; sourceTree = "<group>"; };
		62D4927F1C02C38A00607938 /* Unbox.framework */ = {isa = PBXFileReference; lastKnownFileType = wrapper.framework; name = Unbox.framework; path = Carthage/Build/iOS/Unbox.framework; sourceTree = SOURCE_ROOT; };
		62F43A821C022FCD0067E132 /* AppDelegateTests.swift */ = {isa = PBXFileReference; fileEncoding = 4; lastKnownFileType = sourcecode.swift; path = AppDelegateTests.swift; sourceTree = "<group>"; };
/* End PBXFileReference section */

/* Begin PBXFrameworksBuildPhase section */
		62D3B6B51BF2FAA80056D509 /* Frameworks */ = {
			isa = PBXFrameworksBuildPhase;
			buildActionMask = 2147483647;
			files = (
				626DA4431BFF943300988FC0 /* ReactiveCocoa.framework in Frameworks */,
				626DA43E1BFEAC6F00988FC0 /* ListKit.framework in Frameworks */,
				626DA44C1BFFE1AF00988FC0 /* SSKeychain.framework in Frameworks */,
				62D492801C02C38A00607938 /* Unbox.framework in Frameworks */,
				626DA4441BFF943300988FC0 /* Result.framework in Frameworks */,
				626DA4471BFFE02F00988FC0 /* SwifteriOS.framework in Frameworks */,
			);
			runOnlyForDeploymentPostprocessing = 0;
		};
		62D3B6C91BF2FAA80056D509 /* Frameworks */ = {
			isa = PBXFrameworksBuildPhase;
			buildActionMask = 2147483647;
			files = (
				62F43A841C0230D90067E132 /* SwifteriOS.framework in Frameworks */,
			);
			runOnlyForDeploymentPostprocessing = 0;
		};
		62D3B6D41BF2FAA80056D509 /* Frameworks */ = {
			isa = PBXFrameworksBuildPhase;
			buildActionMask = 2147483647;
			files = (
			);
			runOnlyForDeploymentPostprocessing = 0;
		};
/* End PBXFrameworksBuildPhase section */

/* Begin PBXGroup section */
		626DA42B1BFE71B700988FC0 /* Models */ = {
			isa = PBXGroup;
			children = (
				626DA42C1BFE8CC700988FC0 /* Contact.swift */,
				626DA4301BFE94BC00988FC0 /* Model.swift */,
				62D4927D1C02C1B200607938 /* TwitterUser.swift */,
			);
			path = Models;
			sourceTree = "<group>";
		};
		626DA4361BFEA4A700988FC0 /* Frameworks */ = {
			isa = PBXGroup;
			children = (
				62D4927F1C02C38A00607938 /* Unbox.framework */,
				626DA44B1BFFE1AF00988FC0 /* SSKeychain.framework */,
				626DA4461BFFE02F00988FC0 /* SwifteriOS.framework */,
				626DA4401BFF943300988FC0 /* ReactiveCocoa.framework */,
				626DA4411BFF943300988FC0 /* Result.framework */,
				626DA43D1BFEAC6F00988FC0 /* ListKit.framework */,
			);
			name = Frameworks;
			sourceTree = "<group>";
		};
		626DA4481BFFE06100988FC0 /* Clients */ = {
			isa = PBXGroup;
			children = (
				626DA44D1BFFE43800988FC0 /* Auth */,
				626DA4491BFFE06C00988FC0 /* TwitterClient.swift */,
			);
			path = Clients;
			sourceTree = "<group>";
		};
		626DA44D1BFFE43800988FC0 /* Auth */ = {
			isa = PBXGroup;
			children = (
				626DA4561C000FAE00988FC0 /* TwitterKeys.plist */,
				626DA44E1BFFE44400988FC0 /* Authentication.swift */,
			);
			path = Auth;
			sourceTree = "<group>";
		};
		62D3B6AF1BF2FAA80056D509 = {
			isa = PBXGroup;
			children = (
				62D3B6BA1BF2FAA80056D509 /* Meet */,
				62D3B6CF1BF2FAA80056D509 /* MeetTests */,
				62D3B6DA1BF2FAA80056D509 /* MeetUITests */,
				62D3B6B91BF2FAA80056D509 /* Products */,
			);
			sourceTree = "<group>";
		};
		62D3B6B91BF2FAA80056D509 /* Products */ = {
			isa = PBXGroup;
			children = (
				62D3B6B81BF2FAA80056D509 /* Meet.app */,
				62D3B6CC1BF2FAA80056D509 /* MeetTests.xctest */,
				62D3B6D71BF2FAA80056D509 /* MeetUITests.xctest */,
			);
			name = Products;
			sourceTree = "<group>";
		};
		62D3B6BA1BF2FAA80056D509 /* Meet */ = {
			isa = PBXGroup;
			children = (
				626DA4361BFEA4A700988FC0 /* Frameworks */,
				626DA4481BFFE06100988FC0 /* Clients */,
				626DA42B1BFE71B700988FC0 /* Models */,
				62D3B6FE1BF446270056D509 /* Actions */,
				62D3B6FB1BF4454D0056D509 /* Stores */,
				62D3B6F41BF3B7110056D509 /* ViewControllers */,
				62D3B6F11BF3B2230056D509 /* Router */,
				62D3B6E91BF3A94F0056D509 /* State */,
				62D3B6EE1BF3AD3A0056D509 /* Reducers */,
				62D3B6BB1BF2FAA80056D509 /* AppDelegate.swift */,
				62D3B6BF1BF2FAA80056D509 /* Main.storyboard */,
				62D3B6C21BF2FAA80056D509 /* Assets.xcassets */,
				62D3B6C41BF2FAA80056D509 /* LaunchScreen.storyboard */,
				62D3B6C71BF2FAA80056D509 /* Info.plist */,
			);
			path = Meet;
			sourceTree = "<group>";
		};
		62D3B6CF1BF2FAA80056D509 /* MeetTests */ = {
			isa = PBXGroup;
			children = (
				62F43A811C022F820067E132 /* AppDelegate */,
				62D3B6D01BF2FAA80056D509 /* MeetTests.swift */,
				62D3B6D21BF2FAA80056D509 /* Info.plist */,
			);
			path = MeetTests;
			sourceTree = "<group>";
		};
		62D3B6DA1BF2FAA80056D509 /* MeetUITests */ = {
			isa = PBXGroup;
			children = (
				62D3B6DB1BF2FAA80056D509 /* MeetUITests.swift */,
				62D3B6DD1BF2FAA80056D509 /* Info.plist */,
			);
			path = MeetUITests;
			sourceTree = "<group>";
		};
		62D3B6E91BF3A94F0056D509 /* State */ = {
			isa = PBXGroup;
			children = (
				62D3B6EA1BF3A9870056D509 /* AppState.swift */,
				62D3B6EC1BF3AC5E0056D509 /* NavigationState.swift */,
				626DA4341BFE9E1C00988FC0 /* DataState.swift */,
				626DA4521BFFEE6400988FC0 /* TwitterAPIState.swift */,
			);
			path = State;
			sourceTree = "<group>";
		};
		62D3B6EE1BF3AD3A0056D509 /* Reducers */ = {
			isa = PBXGroup;
			children = (
				62D3B6EF1BF3AD720056D509 /* NavigationReducer.swift */,
				62D3B7011BF4485C0056D509 /* MainReducer.swift */,
				626DA4321BFE9DA400988FC0 /* DataMutationReducer.swift */,
				626DA4541BFFEF5B00988FC0 /* TwitterAPIReducer.swift */,
			);
			path = Reducers;
			sourceTree = "<group>";
		};
		62D3B6F11BF3B2230056D509 /* Router */ = {
			isa = PBXGroup;
			children = (
				62D3B6F21BF3B2AE0056D509 /* Router.swift */,
			);
			path = Router;
			sourceTree = "<group>";
		};
		62D3B6F41BF3B7110056D509 /* ViewControllers */ = {
			isa = PBXGroup;
			children = (
				62D3B6F71BF3B72E0056D509 /* ContactListViewController.swift */,
				62D3B6F91BF3B73A0056D509 /* AddContactViewController.swift */,
				62D3B7051BF457C40056D509 /* SearchTwitterViewController.swift */,
				62D3B72F1BFC58430056D509 /* EmaiIIntroViewController.swift */,
			);
			path = ViewControllers;
			sourceTree = "<group>";
		};
		62D3B6FB1BF4454D0056D509 /* Stores */ = {
			isa = PBXGroup;
			children = (
				62D3B6FC1BF445570056D509 /* MainStore.swift */,
			);
			path = Stores;
			sourceTree = "<group>";
		};
		62D3B6FE1BF446270056D509 /* Actions */ = {
			isa = PBXGroup;
			children = (
				62D3B6FF1BF446310056D509 /* Actions.swift */,
				62D3B7031BF44C190056D509 /* NavigationActionCreators.swift */,
				626DA42E1BFE916200988FC0 /* DataMutationActionCreator.swift */,
				626DA4501BFFEDBE00988FC0 /* TwitterAPIActionCreator.swift */,
			);
			path = Actions;
			sourceTree = "<group>";
		};
		62F43A811C022F820067E132 /* AppDelegate */ = {
			isa = PBXGroup;
			children = (
				62F43A821C022FCD0067E132 /* AppDelegateTests.swift */,
			);
			path = AppDelegate;
			sourceTree = "<group>";
		};
/* End PBXGroup section */

/* Begin PBXNativeTarget section */
		62D3B6B71BF2FAA80056D509 /* Meet */ = {
			isa = PBXNativeTarget;
			buildConfigurationList = 62D3B6E01BF2FAA80056D509 /* Build configuration list for PBXNativeTarget "Meet" */;
			buildPhases = (
				62D3B6B41BF2FAA80056D509 /* Sources */,
				62D3B6B51BF2FAA80056D509 /* Frameworks */,
				62D3B6B61BF2FAA80056D509 /* Resources */,
				626DA43B1BFEA4C200988FC0 /* Embed Frameworks */,
				626DA43C1BFEAC0400988FC0 /* ShellScript */,
			);
			buildRules = (
			);
			dependencies = (
			);
			name = Meet;
			productName = Meet;
			productReference = 62D3B6B81BF2FAA80056D509 /* Meet.app */;
			productType = "com.apple.product-type.application";
		};
		62D3B6CB1BF2FAA80056D509 /* MeetTests */ = {
			isa = PBXNativeTarget;
			buildConfigurationList = 62D3B6E31BF2FAA80056D509 /* Build configuration list for PBXNativeTarget "MeetTests" */;
			buildPhases = (
				62D3B6C81BF2FAA80056D509 /* Sources */,
				62D3B6C91BF2FAA80056D509 /* Frameworks */,
				62D3B6CA1BF2FAA80056D509 /* Resources */,
			);
			buildRules = (
			);
			dependencies = (
				62D3B6CE1BF2FAA80056D509 /* PBXTargetDependency */,
			);
			name = MeetTests;
			productName = MeetTests;
			productReference = 62D3B6CC1BF2FAA80056D509 /* MeetTests.xctest */;
			productType = "com.apple.product-type.bundle.unit-test";
		};
		62D3B6D61BF2FAA80056D509 /* MeetUITests */ = {
			isa = PBXNativeTarget;
			buildConfigurationList = 62D3B6E61BF2FAA80056D509 /* Build configuration list for PBXNativeTarget "MeetUITests" */;
			buildPhases = (
				62D3B6D31BF2FAA80056D509 /* Sources */,
				62D3B6D41BF2FAA80056D509 /* Frameworks */,
				62D3B6D51BF2FAA80056D509 /* Resources */,
			);
			buildRules = (
			);
			dependencies = (
				62D3B6D91BF2FAA80056D509 /* PBXTargetDependency */,
			);
			name = MeetUITests;
			productName = MeetUITests;
			productReference = 62D3B6D71BF2FAA80056D509 /* MeetUITests.xctest */;
			productType = "com.apple.product-type.bundle.ui-testing";
		};
/* End PBXNativeTarget section */

/* Begin PBXProject section */
		62D3B6B01BF2FAA80056D509 /* Project object */ = {
			isa = PBXProject;
			attributes = {
				LastSwiftUpdateCheck = 0710;
				LastUpgradeCheck = 0710;
				ORGANIZATIONNAME = DigiTales;
				TargetAttributes = {
					62D3B6B71BF2FAA80056D509 = {
						CreatedOnToolsVersion = 7.1;
					};
					62D3B6CB1BF2FAA80056D509 = {
						CreatedOnToolsVersion = 7.1;
						TestTargetID = 62D3B6B71BF2FAA80056D509;
					};
					62D3B6D61BF2FAA80056D509 = {
						CreatedOnToolsVersion = 7.1;
						TestTargetID = 62D3B6B71BF2FAA80056D509;
					};
				};
			};
			buildConfigurationList = 62D3B6B31BF2FAA80056D509 /* Build configuration list for PBXProject "Meet" */;
			compatibilityVersion = "Xcode 3.2";
			developmentRegion = English;
			hasScannedForEncodings = 0;
			knownRegions = (
				en,
				Base,
			);
			mainGroup = 62D3B6AF1BF2FAA80056D509;
			productRefGroup = 62D3B6B91BF2FAA80056D509 /* Products */;
			projectDirPath = "";
			projectRoot = "";
			targets = (
				62D3B6B71BF2FAA80056D509 /* Meet */,
				62D3B6CB1BF2FAA80056D509 /* MeetTests */,
				62D3B6D61BF2FAA80056D509 /* MeetUITests */,
			);
		};
/* End PBXProject section */

/* Begin PBXResourcesBuildPhase section */
		62D3B6B61BF2FAA80056D509 /* Resources */ = {
			isa = PBXResourcesBuildPhase;
			buildActionMask = 2147483647;
			files = (
				62D3B6C61BF2FAA80056D509 /* LaunchScreen.storyboard in Resources */,
				62D3B6C31BF2FAA80056D509 /* Assets.xcassets in Resources */,
				626DA4571C000FAE00988FC0 /* TwitterKeys.plist in Resources */,
				62D3B6C11BF2FAA80056D509 /* Main.storyboard in Resources */,
			);
			runOnlyForDeploymentPostprocessing = 0;
		};
		62D3B6CA1BF2FAA80056D509 /* Resources */ = {
			isa = PBXResourcesBuildPhase;
			buildActionMask = 2147483647;
			files = (
			);
			runOnlyForDeploymentPostprocessing = 0;
		};
		62D3B6D51BF2FAA80056D509 /* Resources */ = {
			isa = PBXResourcesBuildPhase;
			buildActionMask = 2147483647;
			files = (
			);
			runOnlyForDeploymentPostprocessing = 0;
		};
/* End PBXResourcesBuildPhase section */

/* Begin PBXShellScriptBuildPhase section */
		626DA43C1BFEAC0400988FC0 /* ShellScript */ = {
			isa = PBXShellScriptBuildPhase;
			buildActionMask = 2147483647;
			files = (
			);
			inputPaths = (
				"$(SRCROOT)/Carthage/Build/iOS/ListKit.framework",
				"$(SRCROOT)/Carthage/Build/iOS/ReactiveCocoa.framework",
				"$(SRCROOT)/Carthage/Build/iOS/Result.framework",
				"$(SRCROOT)/Carthage/Build/iOS/SwifteriOS.framework",
				"$(SRCROOT)/Carthage/Build/iOS/SSKeychain.framework",
				"$(SRCROOT)/Carthage/Build/iOS/Unbox.framework",
			);
			outputPaths = (
			);
			runOnlyForDeploymentPostprocessing = 0;
			shellPath = /bin/sh;
			shellScript = "/usr/local/bin/carthage copy-frameworks";
		};
/* End PBXShellScriptBuildPhase section */

/* Begin PBXSourcesBuildPhase section */
		62D3B6B41BF2FAA80056D509 /* Sources */ = {
			isa = PBXSourcesBuildPhase;
			buildActionMask = 2147483647;
			files = (
				62D3B7041BF44C190056D509 /* NavigationActionCreators.swift in Sources */,
				62D3B6EB1BF3A9870056D509 /* AppState.swift in Sources */,
				626DA4531BFFEE6400988FC0 /* TwitterAPIState.swift in Sources */,
				62D3B7021BF4485C0056D509 /* MainReducer.swift in Sources */,
				626DA44F1BFFE44400988FC0 /* Authentication.swift in Sources */,
				626DA4351BFE9E1C00988FC0 /* DataState.swift in Sources */,
				626DA4331BFE9DA400988FC0 /* DataMutationReducer.swift in Sources */,
				626DA42F1BFE916200988FC0 /* DataMutationActionCreator.swift in Sources */,
				62D3B6ED1BF3AC5E0056D509 /* NavigationState.swift in Sources */,
				62D3B6F01BF3AD720056D509 /* NavigationReducer.swift in Sources */,
				62D3B6FD1BF445570056D509 /* MainStore.swift in Sources */,
				626DA4311BFE94BC00988FC0 /* Model.swift in Sources */,
				626DA42D1BFE8CC700988FC0 /* Contact.swift in Sources */,
				626DA4511BFFEDBE00988FC0 /* TwitterAPIActionCreator.swift in Sources */,
				62D4927E1C02C1B200607938 /* TwitterUser.swift in Sources */,
				62D3B7061BF457C40056D509 /* SearchTwitterViewController.swift in Sources */,
				626DA4551BFFEF5B00988FC0 /* TwitterAPIReducer.swift in Sources */,
				62D3B7001BF446310056D509 /* Actions.swift in Sources */,
				62D3B6F31BF3B2AE0056D509 /* Router.swift in Sources */,
				62D3B6FA1BF3B73A0056D509 /* AddContactViewController.swift in Sources */,
				62D3B6F81BF3B72E0056D509 /* ContactListViewController.swift in Sources */,
				626DA44A1BFFE06C00988FC0 /* TwitterClient.swift in Sources */,
				62D3B6BC1BF2FAA80056D509 /* AppDelegate.swift in Sources */,
				62D3B7301BFC58430056D509 /* EmaiIIntroViewController.swift in Sources */,
			);
			runOnlyForDeploymentPostprocessing = 0;
		};
		62D3B6C81BF2FAA80056D509 /* Sources */ = {
			isa = PBXSourcesBuildPhase;
			buildActionMask = 2147483647;
			files = (
				62F43A831C022FCD0067E132 /* AppDelegateTests.swift in Sources */,
				62D3B6D11BF2FAA80056D509 /* MeetTests.swift in Sources */,
			);
			runOnlyForDeploymentPostprocessing = 0;
		};
		62D3B6D31BF2FAA80056D509 /* Sources */ = {
			isa = PBXSourcesBuildPhase;
			buildActionMask = 2147483647;
			files = (
				62D3B6DC1BF2FAA80056D509 /* MeetUITests.swift in Sources */,
			);
			runOnlyForDeploymentPostprocessing = 0;
		};
/* End PBXSourcesBuildPhase section */

/* Begin PBXTargetDependency section */
		62D3B6CE1BF2FAA80056D509 /* PBXTargetDependency */ = {
			isa = PBXTargetDependency;
			target = 62D3B6B71BF2FAA80056D509 /* Meet */;
			targetProxy = 62D3B6CD1BF2FAA80056D509 /* PBXContainerItemProxy */;
		};
		62D3B6D91BF2FAA80056D509 /* PBXTargetDependency */ = {
			isa = PBXTargetDependency;
			target = 62D3B6B71BF2FAA80056D509 /* Meet */;
			targetProxy = 62D3B6D81BF2FAA80056D509 /* PBXContainerItemProxy */;
		};
/* End PBXTargetDependency section */

/* Begin PBXVariantGroup section */
		62D3B6BF1BF2FAA80056D509 /* Main.storyboard */ = {
			isa = PBXVariantGroup;
			children = (
				62D3B6C01BF2FAA80056D509 /* Base */,
			);
			name = Main.storyboard;
			sourceTree = "<group>";
		};
		62D3B6C41BF2FAA80056D509 /* LaunchScreen.storyboard */ = {
			isa = PBXVariantGroup;
			children = (
				62D3B6C51BF2FAA80056D509 /* Base */,
			);
			name = LaunchScreen.storyboard;
			sourceTree = "<group>";
		};
/* End PBXVariantGroup section */

/* Begin XCBuildConfiguration section */
		62D3B6DE1BF2FAA80056D509 /* Debug */ = {
			isa = XCBuildConfiguration;
			buildSettings = {
				ALWAYS_SEARCH_USER_PATHS = NO;
				CLANG_CXX_LANGUAGE_STANDARD = "gnu++0x";
				CLANG_CXX_LIBRARY = "libc++";
				CLANG_ENABLE_MODULES = YES;
				CLANG_ENABLE_OBJC_ARC = YES;
				CLANG_WARN_BOOL_CONVERSION = YES;
				CLANG_WARN_CONSTANT_CONVERSION = YES;
				CLANG_WARN_DIRECT_OBJC_ISA_USAGE = YES_ERROR;
				CLANG_WARN_EMPTY_BODY = YES;
				CLANG_WARN_ENUM_CONVERSION = YES;
				CLANG_WARN_INT_CONVERSION = YES;
				CLANG_WARN_OBJC_ROOT_CLASS = YES_ERROR;
				CLANG_WARN_UNREACHABLE_CODE = YES;
				CLANG_WARN__DUPLICATE_METHOD_MATCH = YES;
				"CODE_SIGN_IDENTITY[sdk=iphoneos*]" = "iPhone Developer";
				COPY_PHASE_STRIP = NO;
				DEBUG_INFORMATION_FORMAT = dwarf;
				ENABLE_STRICT_OBJC_MSGSEND = YES;
				ENABLE_TESTABILITY = YES;
				GCC_C_LANGUAGE_STANDARD = gnu99;
				GCC_DYNAMIC_NO_PIC = NO;
				GCC_NO_COMMON_BLOCKS = YES;
				GCC_OPTIMIZATION_LEVEL = 0;
				GCC_PREPROCESSOR_DEFINITIONS = (
					"DEBUG=1",
					"$(inherited)",
				);
				GCC_WARN_64_TO_32_BIT_CONVERSION = YES;
				GCC_WARN_ABOUT_RETURN_TYPE = YES_ERROR;
				GCC_WARN_UNDECLARED_SELECTOR = YES;
				GCC_WARN_UNINITIALIZED_AUTOS = YES_AGGRESSIVE;
				GCC_WARN_UNUSED_FUNCTION = YES;
				GCC_WARN_UNUSED_VARIABLE = YES;
				IPHONEOS_DEPLOYMENT_TARGET = 9.1;
				MTL_ENABLE_DEBUG_INFO = YES;
				ONLY_ACTIVE_ARCH = YES;
				SDKROOT = iphoneos;
				SWIFT_OPTIMIZATION_LEVEL = "-Onone";
				TARGETED_DEVICE_FAMILY = "1,2";
			};
			name = Debug;
		};
		62D3B6DF1BF2FAA80056D509 /* Release */ = {
			isa = XCBuildConfiguration;
			buildSettings = {
				ALWAYS_SEARCH_USER_PATHS = NO;
				CLANG_CXX_LANGUAGE_STANDARD = "gnu++0x";
				CLANG_CXX_LIBRARY = "libc++";
				CLANG_ENABLE_MODULES = YES;
				CLANG_ENABLE_OBJC_ARC = YES;
				CLANG_WARN_BOOL_CONVERSION = YES;
				CLANG_WARN_CONSTANT_CONVERSION = YES;
				CLANG_WARN_DIRECT_OBJC_ISA_USAGE = YES_ERROR;
				CLANG_WARN_EMPTY_BODY = YES;
				CLANG_WARN_ENUM_CONVERSION = YES;
				CLANG_WARN_INT_CONVERSION = YES;
				CLANG_WARN_OBJC_ROOT_CLASS = YES_ERROR;
				CLANG_WARN_UNREACHABLE_CODE = YES;
				CLANG_WARN__DUPLICATE_METHOD_MATCH = YES;
				"CODE_SIGN_IDENTITY[sdk=iphoneos*]" = "iPhone Developer";
				COPY_PHASE_STRIP = NO;
				DEBUG_INFORMATION_FORMAT = "dwarf-with-dsym";
				ENABLE_NS_ASSERTIONS = NO;
				ENABLE_STRICT_OBJC_MSGSEND = YES;
				GCC_C_LANGUAGE_STANDARD = gnu99;
				GCC_NO_COMMON_BLOCKS = YES;
				GCC_WARN_64_TO_32_BIT_CONVERSION = YES;
				GCC_WARN_ABOUT_RETURN_TYPE = YES_ERROR;
				GCC_WARN_UNDECLARED_SELECTOR = YES;
				GCC_WARN_UNINITIALIZED_AUTOS = YES_AGGRESSIVE;
				GCC_WARN_UNUSED_FUNCTION = YES;
				GCC_WARN_UNUSED_VARIABLE = YES;
				IPHONEOS_DEPLOYMENT_TARGET = 9.1;
				MTL_ENABLE_DEBUG_INFO = NO;
				SDKROOT = iphoneos;
				TARGETED_DEVICE_FAMILY = "1,2";
				VALIDATE_PRODUCT = YES;
			};
			name = Release;
		};
		62D3B6E11BF2FAA80056D509 /* Debug */ = {
			isa = XCBuildConfiguration;
			buildSettings = {
				ASSETCATALOG_COMPILER_APPICON_NAME = AppIcon;
				FRAMEWORK_SEARCH_PATHS = (
					"$(PROJECT_DIR)/Carthage/Build/iOS/**",
					"$(PROJECT_DIR)/Carthage/Build/iOS",
				);
				INFOPLIST_FILE = Meet/Info.plist;
				LD_RUNPATH_SEARCH_PATHS = "$(inherited) @executable_path/Frameworks";
				PRODUCT_BUNDLE_IDENTIFIER = "net.digi-tales.Meet";
				PRODUCT_NAME = "$(TARGET_NAME)";
			};
			name = Debug;
		};
		62D3B6E21BF2FAA80056D509 /* Release */ = {
			isa = XCBuildConfiguration;
			buildSettings = {
				ASSETCATALOG_COMPILER_APPICON_NAME = AppIcon;
				FRAMEWORK_SEARCH_PATHS = (
					"$(PROJECT_DIR)/Carthage/Build/iOS/**",
					"$(PROJECT_DIR)/Carthage/Build/iOS",
				);
				INFOPLIST_FILE = Meet/Info.plist;
				LD_RUNPATH_SEARCH_PATHS = "$(inherited) @executable_path/Frameworks";
				PRODUCT_BUNDLE_IDENTIFIER = "net.digi-tales.Meet";
				PRODUCT_NAME = "$(TARGET_NAME)";
			};
			name = Release;
		};
		62D3B6E41BF2FAA80056D509 /* Debug */ = {
			isa = XCBuildConfiguration;
			buildSettings = {
				BUNDLE_LOADER = "$(TEST_HOST)";
				FRAMEWORK_SEARCH_PATHS = (
					"$(inherited)",
					"$(PROJECT_DIR)/Carthage/Build/iOS",
				);
				INFOPLIST_FILE = MeetTests/Info.plist;
				LD_RUNPATH_SEARCH_PATHS = "$(inherited) @executable_path/Frameworks @loader_path/Frameworks";
				PRODUCT_BUNDLE_IDENTIFIER = "net.digi-tales.MeetTests";
				PRODUCT_NAME = "$(TARGET_NAME)";
				TEST_HOST = "$(BUILT_PRODUCTS_DIR)/Meet.app/Meet";
			};
			name = Debug;
		};
		62D3B6E51BF2FAA80056D509 /* Release */ = {
			isa = XCBuildConfiguration;
			buildSettings = {
				BUNDLE_LOADER = "$(TEST_HOST)";
				FRAMEWORK_SEARCH_PATHS = (
					"$(inherited)",
					"$(PROJECT_DIR)/Carthage/Build/iOS",
				);
				INFOPLIST_FILE = MeetTests/Info.plist;
				LD_RUNPATH_SEARCH_PATHS = "$(inherited) @executable_path/Frameworks @loader_path/Frameworks";
				PRODUCT_BUNDLE_IDENTIFIER = "net.digi-tales.MeetTests";
				PRODUCT_NAME = "$(TARGET_NAME)";
				TEST_HOST = "$(BUILT_PRODUCTS_DIR)/Meet.app/Meet";
			};
			name = Release;
		};
		62D3B6E71BF2FAA80056D509 /* Debug */ = {
			isa = XCBuildConfiguration;
			buildSettings = {
				INFOPLIST_FILE = MeetUITests/Info.plist;
				LD_RUNPATH_SEARCH_PATHS = "$(inherited) @executable_path/Frameworks @loader_path/Frameworks";
				PRODUCT_BUNDLE_IDENTIFIER = "net.digi-tales.MeetUITests";
				PRODUCT_NAME = "$(TARGET_NAME)";
				TEST_TARGET_NAME = Meet;
				USES_XCTRUNNER = YES;
			};
			name = Debug;
		};
		62D3B6E81BF2FAA80056D509 /* Release */ = {
			isa = XCBuildConfiguration;
			buildSettings = {
				INFOPLIST_FILE = MeetUITests/Info.plist;
				LD_RUNPATH_SEARCH_PATHS = "$(inherited) @executable_path/Frameworks @loader_path/Frameworks";
				PRODUCT_BUNDLE_IDENTIFIER = "net.digi-tales.MeetUITests";
				PRODUCT_NAME = "$(TARGET_NAME)";
				TEST_TARGET_NAME = Meet;
				USES_XCTRUNNER = YES;
			};
			name = Release;
		};
/* End XCBuildConfiguration section */

/* Begin XCConfigurationList section */
		62D3B6B31BF2FAA80056D509 /* Build configuration list for PBXProject "Meet" */ = {
			isa = XCConfigurationList;
			buildConfigurations = (
				62D3B6DE1BF2FAA80056D509 /* Debug */,
				62D3B6DF1BF2FAA80056D509 /* Release */,
			);
			defaultConfigurationIsVisible = 0;
			defaultConfigurationName = Release;
		};
		62D3B6E01BF2FAA80056D509 /* Build configuration list for PBXNativeTarget "Meet" */ = {
			isa = XCConfigurationList;
			buildConfigurations = (
				62D3B6E11BF2FAA80056D509 /* Debug */,
				62D3B6E21BF2FAA80056D509 /* Release */,
			);
			defaultConfigurationIsVisible = 0;
			defaultConfigurationName = Release;
		};
		62D3B6E31BF2FAA80056D509 /* Build configuration list for PBXNativeTarget "MeetTests" */ = {
			isa = XCConfigurationList;
			buildConfigurations = (
				62D3B6E41BF2FAA80056D509 /* Debug */,
				62D3B6E51BF2FAA80056D509 /* Release */,
			);
			defaultConfigurationIsVisible = 0;
			defaultConfigurationName = Release;
		};
		62D3B6E61BF2FAA80056D509 /* Build configuration list for PBXNativeTarget "MeetUITests" */ = {
			isa = XCConfigurationList;
			buildConfigurations = (
				62D3B6E71BF2FAA80056D509 /* Debug */,
				62D3B6E81BF2FAA80056D509 /* Release */,
			);
			defaultConfigurationIsVisible = 0;
			defaultConfigurationName = Release;
		};
/* End XCConfigurationList section */
	};
	rootObject = 62D3B6B01BF2FAA80056D509 /* Project object */;
}
