// !$*UTF8*$!
{
	archiveVersion = 1;
	classes = {
	};
	objectVersion = 46;
	objects = {

/* Begin PBXBuildFile section */
		6267DD461C07A0A90080BF30 /* SwiftFlowRouter.h in Headers */ = {isa = PBXBuildFile; fileRef = 6267DD451C07A0A90080BF30 /* SwiftFlowRouter.h */; settings = {ATTRIBUTES = (Public, ); }; };
		6267DD4A1C07A0A90080BF30 /* SwiftFlowRouter.framework in Frameworks */ = {isa = PBXBuildFile; fileRef = 6267DD431C07A0A90080BF30 /* SwiftFlowRouter.framework */; };
		6267DD4B1C07A0A90080BF30 /* SwiftFlowRouter.framework in Embed Frameworks */ = {isa = PBXBuildFile; fileRef = 6267DD431C07A0A90080BF30 /* SwiftFlowRouter.framework */; settings = {ATTRIBUTES = (CodeSignOnCopy, RemoveHeadersOnCopy, ); }; };
		6267DD591C07ADA10080BF30 /* SwiftFlow.h in Headers */ = {isa = PBXBuildFile; fileRef = 6267DD581C07ADA10080BF30 /* SwiftFlow.h */; settings = {ATTRIBUTES = (Public, ); }; };
		6267DD5D1C07ADA10080BF30 /* SwiftFlow.framework in Frameworks */ = {isa = PBXBuildFile; fileRef = 6267DD561C07ADA10080BF30 /* SwiftFlow.framework */; };
		6267DD5E1C07ADA10080BF30 /* SwiftFlow.framework in Embed Frameworks */ = {isa = PBXBuildFile; fileRef = 6267DD561C07ADA10080BF30 /* SwiftFlow.framework */; settings = {ATTRIBUTES = (CodeSignOnCopy, RemoveHeadersOnCopy, ); }; };
		6267DD931C07B2480080BF30 /* SwiftFlowReactiveCocoaExtensions.h in Headers */ = {isa = PBXBuildFile; fileRef = 6267DD921C07B2480080BF30 /* SwiftFlowReactiveCocoaExtensions.h */; settings = {ATTRIBUTES = (Public, ); }; };
		6267DD971C07B2490080BF30 /* SwiftFlowReactiveCocoaExtensions.framework in Frameworks */ = {isa = PBXBuildFile; fileRef = 6267DD901C07B2480080BF30 /* SwiftFlowReactiveCocoaExtensions.framework */; };
		6267DD981C07B2490080BF30 /* SwiftFlowReactiveCocoaExtensions.framework in Embed Frameworks */ = {isa = PBXBuildFile; fileRef = 6267DD901C07B2480080BF30 /* SwiftFlowReactiveCocoaExtensions.framework */; settings = {ATTRIBUTES = (CodeSignOnCopy, RemoveHeadersOnCopy, ); }; };
		626DA42D1BFE8CC700988FC0 /* Contact.swift in Sources */ = {isa = PBXBuildFile; fileRef = 626DA42C1BFE8CC700988FC0 /* Contact.swift */; };
		626DA4311BFE94BC00988FC0 /* Model.swift in Sources */ = {isa = PBXBuildFile; fileRef = 626DA4301BFE94BC00988FC0 /* Model.swift */; };
		626DA4331BFE9DA400988FC0 /* DataMutationReducer.swift in Sources */ = {isa = PBXBuildFile; fileRef = 626DA4321BFE9DA400988FC0 /* DataMutationReducer.swift */; };
		626DA4351BFE9E1C00988FC0 /* DataState.swift in Sources */ = {isa = PBXBuildFile; fileRef = 626DA4341BFE9E1C00988FC0 /* DataState.swift */; };
		626DA44A1BFFE06C00988FC0 /* TwitterClient.swift in Sources */ = {isa = PBXBuildFile; fileRef = 626DA4491BFFE06C00988FC0 /* TwitterClient.swift */; };
		626DA44F1BFFE44400988FC0 /* Authentication.swift in Sources */ = {isa = PBXBuildFile; fileRef = 626DA44E1BFFE44400988FC0 /* Authentication.swift */; };
		626DA4511BFFEDBE00988FC0 /* TwitterAPIActionCreator.swift in Sources */ = {isa = PBXBuildFile; fileRef = 626DA4501BFFEDBE00988FC0 /* TwitterAPIActionCreator.swift */; };
		626DA4531BFFEE6400988FC0 /* TwitterAPIState.swift in Sources */ = {isa = PBXBuildFile; fileRef = 626DA4521BFFEE6400988FC0 /* TwitterAPIState.swift */; };
		626DA4551BFFEF5B00988FC0 /* TwitterAPIReducer.swift in Sources */ = {isa = PBXBuildFile; fileRef = 626DA4541BFFEF5B00988FC0 /* TwitterAPIReducer.swift */; };
		626DA4571C000FAE00988FC0 /* TwitterKeys.plist in Resources */ = {isa = PBXBuildFile; fileRef = 626DA4561C000FAE00988FC0 /* TwitterKeys.plist */; };
		627B05E51C09700D00481356 /* SwiftFlow.framework in Frameworks */ = {isa = PBXBuildFile; fileRef = 6267DD561C07ADA10080BF30 /* SwiftFlow.framework */; };
		628B30EF1C0B9C0300E2213D /* Unbox.framework in Embed Frameworks */ = {isa = PBXBuildFile; fileRef = 628B30E61C0B9BEF00E2213D /* Unbox.framework */; settings = {ATTRIBUTES = (CodeSignOnCopy, RemoveHeadersOnCopy, ); }; };
		628B30F01C0B9C0D00E2213D /* SwifteriOS.framework in Embed Frameworks */ = {isa = PBXBuildFile; fileRef = 628B30D81C0B9BE500E2213D /* SwifteriOS.framework */; settings = {ATTRIBUTES = (CodeSignOnCopy, RemoveHeadersOnCopy, ); }; };
		628B30F11C0B9C1400E2213D /* SSKeychain.framework in Embed Frameworks */ = {isa = PBXBuildFile; fileRef = 628B30C71C0B9BDB00E2213D /* SSKeychain.framework */; settings = {ATTRIBUTES = (CodeSignOnCopy, RemoveHeadersOnCopy, ); }; };
		628B30F21C0B9C1B00E2213D /* WebImage.framework in Embed Frameworks */ = {isa = PBXBuildFile; fileRef = 628B30BE1C0B9BCB00E2213D /* WebImage.framework */; settings = {ATTRIBUTES = (CodeSignOnCopy, RemoveHeadersOnCopy, ); }; };
		628B30F41C0B9C2C00E2213D /* Result.framework in Embed Frameworks */ = {isa = PBXBuildFile; fileRef = 628B30A41C0B9BBE00E2213D /* Result.framework */; settings = {ATTRIBUTES = (CodeSignOnCopy, RemoveHeadersOnCopy, ); }; };
		628B30F51C0B9C3400E2213D /* ListKit.framework in Embed Frameworks */ = {isa = PBXBuildFile; fileRef = 628B30911C0B9BB300E2213D /* ListKit.framework */; settings = {ATTRIBUTES = (CodeSignOnCopy, RemoveHeadersOnCopy, ); }; };
		6292BEC11C0B9E1900CC1B8E /* ReactiveCocoa.framework in Embed Frameworks */ = {isa = PBXBuildFile; fileRef = 6292BEB61C0B9E0D00CC1B8E /* ReactiveCocoa.framework */; settings = {ATTRIBUTES = (CodeSignOnCopy, RemoveHeadersOnCopy, ); }; };
		6292BEC41C0BAA4100CC1B8E /* TwitterSearchErrorTableViewCell.xib in Resources */ = {isa = PBXBuildFile; fileRef = 6292BEC31C0BAA4100CC1B8E /* TwitterSearchErrorTableViewCell.xib */; };
		6292BEC91C0BAED300CC1B8E /* ImageIO.framework in Frameworks */ = {isa = PBXBuildFile; fileRef = 6292BEC81C0BAED300CC1B8E /* ImageIO.framework */; };
		6292BECC1C0BB27E00CC1B8E /* NetworkErrorView.xib in Resources */ = {isa = PBXBuildFile; fileRef = 6292BECB1C0BB27E00CC1B8E /* NetworkErrorView.xib */; };
		6292BED01C0BB78100CC1B8E /* NetworkErrorView.swift in Sources */ = {isa = PBXBuildFile; fileRef = 6292BECF1C0BB78100CC1B8E /* NetworkErrorView.swift */; };
		6292BED11C0BC17600CC1B8E /* SwiftFlow.framework in Frameworks */ = {isa = PBXBuildFile; fileRef = 6267DD561C07ADA10080BF30 /* SwiftFlow.framework */; };
		6292BED21C0BC17D00CC1B8E /* SwiftFlow.framework in Frameworks */ = {isa = PBXBuildFile; fileRef = 6267DD561C07ADA10080BF30 /* SwiftFlow.framework */; };
		6292BED31C0BC18100CC1B8E /* SwiftFlow.framework in Frameworks */ = {isa = PBXBuildFile; fileRef = 6267DD561C07ADA10080BF30 /* SwiftFlow.framework */; };
		6292BEDA1C0BC64300CC1B8E /* ReactiveCocoa.framework in Frameworks */ = {isa = PBXBuildFile; fileRef = 6292BEBA1C0B9E0D00CC1B8E /* ReactiveCocoa.framework */; };
		629E0BE71C09322E0065D495 /* NavigationActions.swift in Sources */ = {isa = PBXBuildFile; fileRef = 629E0BE61C09322E0065D495 /* NavigationActions.swift */; };
		629E0BEF1C0951760065D495 /* TypeHelper.swift in Sources */ = {isa = PBXBuildFile; fileRef = 629E0BEE1C0951760065D495 /* TypeHelper.swift */; };
		629E0BF11C0951900065D495 /* Types.swift in Sources */ = {isa = PBXBuildFile; fileRef = 629E0BF01C0951900065D495 /* Types.swift */; };
		629E0BF21C09555D0065D495 /* MainReducer.swift in Sources */ = {isa = PBXBuildFile; fileRef = 62D3B7011BF4485C0056D509 /* MainReducer.swift */; };
		62BBE78F1C0A6FA3004D6822 /* Store.swift in Sources */ = {isa = PBXBuildFile; fileRef = 62BBE78E1C0A6FA3004D6822 /* Store.swift */; };
		62BBE7931C0ABB3A004D6822 /* StoreTests.swift in Sources */ = {isa = PBXBuildFile; fileRef = 627B05E21C09700D00481356 /* StoreTests.swift */; };
		62BBE79C1C0ACE59004D6822 /* SwiftFlowPersistenceNSCoding.h in Headers */ = {isa = PBXBuildFile; fileRef = 62BBE79B1C0ACE59004D6822 /* SwiftFlowPersistenceNSCoding.h */; settings = {ATTRIBUTES = (Public, ); }; };
		62BBE7A01C0ACE59004D6822 /* SwiftFlowPersistenceNSCoding.framework in Frameworks */ = {isa = PBXBuildFile; fileRef = 62BBE7991C0ACE59004D6822 /* SwiftFlowPersistenceNSCoding.framework */; };
		62BBE7A11C0ACE59004D6822 /* SwiftFlowPersistenceNSCoding.framework in Embed Frameworks */ = {isa = PBXBuildFile; fileRef = 62BBE7991C0ACE59004D6822 /* SwiftFlowPersistenceNSCoding.framework */; settings = {ATTRIBUTES = (CodeSignOnCopy, RemoveHeadersOnCopy, ); }; };
		62CCBA571C058A5200B4F000 /* Contact+Coding.swift in Sources */ = {isa = PBXBuildFile; fileRef = 62CCBA561C058A5200B4F000 /* Contact+Coding.swift */; };
		62D3B6BC1BF2FAA80056D509 /* AppDelegate.swift in Sources */ = {isa = PBXBuildFile; fileRef = 62D3B6BB1BF2FAA80056D509 /* AppDelegate.swift */; };
		62D3B6C11BF2FAA80056D509 /* Main.storyboard in Resources */ = {isa = PBXBuildFile; fileRef = 62D3B6BF1BF2FAA80056D509 /* Main.storyboard */; };
		62D3B6C31BF2FAA80056D509 /* Assets.xcassets in Resources */ = {isa = PBXBuildFile; fileRef = 62D3B6C21BF2FAA80056D509 /* Assets.xcassets */; };
		62D3B6C61BF2FAA80056D509 /* LaunchScreen.storyboard in Resources */ = {isa = PBXBuildFile; fileRef = 62D3B6C41BF2FAA80056D509 /* LaunchScreen.storyboard */; };
		62D3B6D11BF2FAA80056D509 /* MeetTests.swift in Sources */ = {isa = PBXBuildFile; fileRef = 62D3B6D01BF2FAA80056D509 /* MeetTests.swift */; };
		62D3B6DC1BF2FAA80056D509 /* MeetUITests.swift in Sources */ = {isa = PBXBuildFile; fileRef = 62D3B6DB1BF2FAA80056D509 /* MeetUITests.swift */; };
		62D3B6EB1BF3A9870056D509 /* AppState.swift in Sources */ = {isa = PBXBuildFile; fileRef = 62D3B6EA1BF3A9870056D509 /* AppState.swift */; };
		62D3B6F81BF3B72E0056D509 /* ContactListViewController.swift in Sources */ = {isa = PBXBuildFile; fileRef = 62D3B6F71BF3B72E0056D509 /* ContactListViewController.swift */; };
		62D3B6FA1BF3B73A0056D509 /* AddContactViewController.swift in Sources */ = {isa = PBXBuildFile; fileRef = 62D3B6F91BF3B73A0056D509 /* AddContactViewController.swift */; };
		62D3B7001BF446310056D509 /* Actions.swift in Sources */ = {isa = PBXBuildFile; fileRef = 62D3B6FF1BF446310056D509 /* Actions.swift */; };
		62D3B7061BF457C40056D509 /* SearchTwitterViewController.swift in Sources */ = {isa = PBXBuildFile; fileRef = 62D3B7051BF457C40056D509 /* SearchTwitterViewController.swift */; };
		62D3B7301BFC58430056D509 /* EmaiIIntroViewController.swift in Sources */ = {isa = PBXBuildFile; fileRef = 62D3B72F1BFC58430056D509 /* EmaiIIntroViewController.swift */; };
		62D4927E1C02C1B200607938 /* TwitterUser.swift in Sources */ = {isa = PBXBuildFile; fileRef = 62D4927D1C02C1B200607938 /* TwitterUser.swift */; };
		62D492841C02D2C000607938 /* TwitterUserTableViewCell.xib in Resources */ = {isa = PBXBuildFile; fileRef = 62D492831C02D2C000607938 /* TwitterUserTableViewCell.xib */; };
		62D492861C02D2E400607938 /* TwitterUserTableViewCell.swift in Sources */ = {isa = PBXBuildFile; fileRef = 62D492851C02D2E400607938 /* TwitterUserTableViewCell.swift */; };
		62E58D221C0AF44900FE505E /* NavigationState.swift in Sources */ = {isa = PBXBuildFile; fileRef = 62E58D1F1C0AF44900FE505E /* NavigationState.swift */; };
		62E58D231C0AF44900FE505E /* Router.swift in Sources */ = {isa = PBXBuildFile; fileRef = 62E58D201C0AF44900FE505E /* Router.swift */; };
		62E58D241C0AF44900FE505E /* NavigationReducer.swift in Sources */ = {isa = PBXBuildFile; fileRef = 62E58D211C0AF44900FE505E /* NavigationReducer.swift */; };
		62E58D261C0AF45500FE505E /* MainStore.swift in Sources */ = {isa = PBXBuildFile; fileRef = 62E58D251C0AF45500FE505E /* MainStore.swift */; };
		62E58D281C0AF46400FE505E /* PersistenceAdapter.swift in Sources */ = {isa = PBXBuildFile; fileRef = 62E58D271C0AF46400FE505E /* PersistenceAdapter.swift */; };
		62F43A831C022FCD0067E132 /* AppDelegateTests.swift in Sources */ = {isa = PBXBuildFile; fileRef = 62F43A821C022FCD0067E132 /* AppDelegateTests.swift */; };
		62FF6BD41C0B94CF003CF5A8 /* MainStoreReactiveCocoa.swift in Sources */ = {isa = PBXBuildFile; fileRef = 62FF6BD31C0B94CF003CF5A8 /* MainStoreReactiveCocoa.swift */; };
/* End PBXBuildFile section */

/* Begin PBXContainerItemProxy section */
		6267DD481C07A0A90080BF30 /* PBXContainerItemProxy */ = {
			isa = PBXContainerItemProxy;
			containerPortal = 62D3B6B01BF2FAA80056D509 /* Project object */;
			proxyType = 1;
			remoteGlobalIDString = 6267DD421C07A0A90080BF30;
			remoteInfo = SwiftFlowRouter;
		};
		6267DD5B1C07ADA10080BF30 /* PBXContainerItemProxy */ = {
			isa = PBXContainerItemProxy;
			containerPortal = 62D3B6B01BF2FAA80056D509 /* Project object */;
			proxyType = 1;
			remoteGlobalIDString = 6267DD551C07ADA10080BF30;
			remoteInfo = SwiftFlow;
		};
		6267DD951C07B2490080BF30 /* PBXContainerItemProxy */ = {
			isa = PBXContainerItemProxy;
			containerPortal = 62D3B6B01BF2FAA80056D509 /* Project object */;
			proxyType = 1;
			remoteGlobalIDString = 6267DD8F1C07B2480080BF30;
			remoteInfo = SwiftFlowReactiveCocoaExtensions;
		};
		627B05E61C09700D00481356 /* PBXContainerItemProxy */ = {
			isa = PBXContainerItemProxy;
			containerPortal = 62D3B6B01BF2FAA80056D509 /* Project object */;
			proxyType = 1;
			remoteGlobalIDString = 6267DD551C07ADA10080BF30;
			remoteInfo = SwiftFlow;
		};
		628B308C1C0B9BB300E2213D /* PBXContainerItemProxy */ = {
			isa = PBXContainerItemProxy;
			containerPortal = 628B30851C0B9BB300E2213D /* ListKit.xcodeproj */;
			proxyType = 2;
			remoteGlobalIDString = 626518121A96473700F1D760;
			remoteInfo = ListKitDemo;
		};
		628B308E1C0B9BB300E2213D /* PBXContainerItemProxy */ = {
			isa = PBXContainerItemProxy;
			containerPortal = 628B30851C0B9BB300E2213D /* ListKit.xcodeproj */;
			proxyType = 2;
			remoteGlobalIDString = 626518271A96473700F1D760;
			remoteInfo = ListKitDemoTests;
		};
		628B30901C0B9BB300E2213D /* PBXContainerItemProxy */ = {
			isa = PBXContainerItemProxy;
			containerPortal = 628B30851C0B9BB300E2213D /* ListKit.xcodeproj */;
			proxyType = 2;
			remoteGlobalIDString = 6265183C1A96474900F1D760;
			remoteInfo = ListKit;
		};
		628B30921C0B9BB300E2213D /* PBXContainerItemProxy */ = {
			isa = PBXContainerItemProxy;
			containerPortal = 628B30851C0B9BB300E2213D /* ListKit.xcodeproj */;
			proxyType = 2;
			remoteGlobalIDString = 626518461A96474900F1D760;
			remoteInfo = ListKitTests;
		};
		628B309F1C0B9BBE00E2213D /* PBXContainerItemProxy */ = {
			isa = PBXContainerItemProxy;
			containerPortal = 628B30941C0B9BBE00E2213D /* Result.xcodeproj */;
			proxyType = 2;
			remoteGlobalIDString = D45480571A9572F5009D7229;
			remoteInfo = "Result-Mac";
		};
		628B30A11C0B9BBE00E2213D /* PBXContainerItemProxy */ = {
			isa = PBXContainerItemProxy;
			containerPortal = 628B30941C0B9BBE00E2213D /* Result.xcodeproj */;
			proxyType = 2;
			remoteGlobalIDString = D45480671A9572F5009D7229;
			remoteInfo = "Result-MacTests";
		};
		628B30A31C0B9BBE00E2213D /* PBXContainerItemProxy */ = {
			isa = PBXContainerItemProxy;
			containerPortal = 628B30941C0B9BBE00E2213D /* Result.xcodeproj */;
			proxyType = 2;
			remoteGlobalIDString = D454807D1A957361009D7229;
			remoteInfo = "Result-iOS";
		};
		628B30A51C0B9BBE00E2213D /* PBXContainerItemProxy */ = {
			isa = PBXContainerItemProxy;
			containerPortal = 628B30941C0B9BBE00E2213D /* Result.xcodeproj */;
			proxyType = 2;
			remoteGlobalIDString = D45480871A957362009D7229;
			remoteInfo = "Result-iOSTests";
		};
		628B30A71C0B9BBE00E2213D /* PBXContainerItemProxy */ = {
			isa = PBXContainerItemProxy;
			containerPortal = 628B30941C0B9BBE00E2213D /* Result.xcodeproj */;
			proxyType = 2;
			remoteGlobalIDString = 57FCDE471BA280DC00130C48;
			remoteInfo = "Result-tvOS";
		};
		628B30A91C0B9BBE00E2213D /* PBXContainerItemProxy */ = {
			isa = PBXContainerItemProxy;
			containerPortal = 628B30941C0B9BBE00E2213D /* Result.xcodeproj */;
			proxyType = 2;
			remoteGlobalIDString = 57FCDE541BA280E000130C48;
			remoteInfo = "Result-tvOSTests";
		};
		628B30AB1C0B9BBE00E2213D /* PBXContainerItemProxy */ = {
			isa = PBXContainerItemProxy;
			containerPortal = 628B30941C0B9BBE00E2213D /* Result.xcodeproj */;
			proxyType = 2;
			remoteGlobalIDString = D03579A31B2B788F005D26AE;
			remoteInfo = "Result-watchOS";
		};
		628B30AD1C0B9BBE00E2213D /* PBXContainerItemProxy */ = {
			isa = PBXContainerItemProxy;
			containerPortal = 628B30941C0B9BBE00E2213D /* Result.xcodeproj */;
			proxyType = 2;
			remoteGlobalIDString = D03579B01B2B78A1005D26AE;
			remoteInfo = "Result-watchOSTests";
		};
		628B30B71C0B9BCB00E2213D /* PBXContainerItemProxy */ = {
			isa = PBXContainerItemProxy;
			containerPortal = 628B30AF1C0B9BCB00E2213D /* SDWebImage.xcodeproj */;
			proxyType = 2;
			remoteGlobalIDString = 53761325155AD0D5005750A4;
			remoteInfo = SDWebImage;
		};
		628B30B91C0B9BCB00E2213D /* PBXContainerItemProxy */ = {
			isa = PBXContainerItemProxy;
			containerPortal = 628B30AF1C0B9BCB00E2213D /* SDWebImage.xcodeproj */;
			proxyType = 2;
			remoteGlobalIDString = 537D95C117ECC1FE0097C263;
			remoteInfo = "SDWebImage+WebP";
		};
		628B30BB1C0B9BCB00E2213D /* PBXContainerItemProxy */ = {
			isa = PBXContainerItemProxy;
			containerPortal = 628B30AF1C0B9BCB00E2213D /* SDWebImage.xcodeproj */;
			proxyType = 2;
			remoteGlobalIDString = 531041E0157EAFA400BBABC3;
			remoteInfo = "SDWebImage+MKAnnotation";
		};
		628B30BD1C0B9BCB00E2213D /* PBXContainerItemProxy */ = {
			isa = PBXContainerItemProxy;
			containerPortal = 628B30AF1C0B9BCB00E2213D /* SDWebImage.xcodeproj */;
			proxyType = 2;
			remoteGlobalIDString = 4A2CADFF1AB4BB5300B6BC39;
			remoteInfo = WebImage;
		};
		628B30C61C0B9BDB00E2213D /* PBXContainerItemProxy */ = {
			isa = PBXContainerItemProxy;
			containerPortal = 628B30BF1C0B9BDB00E2213D /* SSKeychain.xcodeproj */;
			proxyType = 2;
			remoteGlobalIDString = E8A666341A844CC400287CA3;
			remoteInfo = "SSKeychain iOS";
		};
		628B30C81C0B9BDB00E2213D /* PBXContainerItemProxy */ = {
			isa = PBXContainerItemProxy;
			containerPortal = 628B30BF1C0B9BDB00E2213D /* SSKeychain.xcodeproj */;
			proxyType = 2;
			remoteGlobalIDString = E8A666551A844D3A00287CA3;
			remoteInfo = "SSKeychain iOS Tests";
		};
		628B30CA1C0B9BDB00E2213D /* PBXContainerItemProxy */ = {
			isa = PBXContainerItemProxy;
			containerPortal = 628B30BF1C0B9BDB00E2213D /* SSKeychain.xcodeproj */;
			proxyType = 2;
			remoteGlobalIDString = E8A6666F1A844E4100287CA3;
			remoteInfo = "SSKeychain Mac";
		};
		628B30CC1C0B9BDB00E2213D /* PBXContainerItemProxy */ = {
			isa = PBXContainerItemProxy;
			containerPortal = 628B30BF1C0B9BDB00E2213D /* SSKeychain.xcodeproj */;
			proxyType = 2;
			remoteGlobalIDString = E8A666791A844E4100287CA3;
			remoteInfo = "SSKeychain Mac Tests";
		};
		628B30D51C0B9BE500E2213D /* PBXContainerItemProxy */ = {
			isa = PBXContainerItemProxy;
			containerPortal = 628B30CE1C0B9BE500E2213D /* Swifter.xcodeproj */;
			proxyType = 2;
			remoteGlobalIDString = 8B300C1F1944AA1A00993175;
			remoteInfo = SwifterDemoiOS;
		};
		628B30D71C0B9BE500E2213D /* PBXContainerItemProxy */ = {
			isa = PBXContainerItemProxy;
			containerPortal = 628B30CE1C0B9BE500E2213D /* Swifter.xcodeproj */;
			proxyType = 2;
			remoteGlobalIDString = 8B9F50EE1944A5AB00894629;
			remoteInfo = SwifteriOS;
		};
		628B30D91C0B9BE500E2213D /* PBXContainerItemProxy */ = {
			isa = PBXContainerItemProxy;
			containerPortal = 628B30CE1C0B9BE500E2213D /* Swifter.xcodeproj */;
			proxyType = 2;
			remoteGlobalIDString = 8B9F51131944A61D00894629;
			remoteInfo = SwifterMac;
		};
		628B30DB1C0B9BE500E2213D /* PBXContainerItemProxy */ = {
			isa = PBXContainerItemProxy;
			containerPortal = 628B30CE1C0B9BE500E2213D /* Swifter.xcodeproj */;
			proxyType = 2;
			remoteGlobalIDString = 8B300C471944AECB00993175;
			remoteInfo = SwifterDemoMac;
		};
		628B30E51C0B9BEF00E2213D /* PBXContainerItemProxy */ = {
			isa = PBXContainerItemProxy;
			containerPortal = 628B30DD1C0B9BEF00E2213D /* Unbox.xcodeproj */;
			proxyType = 2;
			remoteGlobalIDString = 52D6D97C1BEFF229002C0205;
			remoteInfo = "Unbox-iOS";
		};
		628B30E71C0B9BEF00E2213D /* PBXContainerItemProxy */ = {
			isa = PBXContainerItemProxy;
			containerPortal = 628B30DD1C0B9BEF00E2213D /* Unbox.xcodeproj */;
			proxyType = 2;
			remoteGlobalIDString = 52D6DA0F1BF000BD002C0205;
			remoteInfo = "Unbox-OSX";
		};
		628B30E91C0B9BEF00E2213D /* PBXContainerItemProxy */ = {
			isa = PBXContainerItemProxy;
			containerPortal = 628B30DD1C0B9BEF00E2213D /* Unbox.xcodeproj */;
			proxyType = 2;
			remoteGlobalIDString = 52D6D9E21BEFFF6E002C0205;
			remoteInfo = "Unbox-watchOS";
		};
		628B30EB1C0B9BEF00E2213D /* PBXContainerItemProxy */ = {
			isa = PBXContainerItemProxy;
			containerPortal = 628B30DD1C0B9BEF00E2213D /* Unbox.xcodeproj */;
			proxyType = 2;
			remoteGlobalIDString = 52D6D9F01BEFFFBE002C0205;
			remoteInfo = "Unbox-tvOS";
		};
		628B30ED1C0B9BEF00E2213D /* PBXContainerItemProxy */ = {
			isa = PBXContainerItemProxy;
			containerPortal = 628B30DD1C0B9BEF00E2213D /* Unbox.xcodeproj */;
			proxyType = 2;
			remoteGlobalIDString = 52D6D9861BEFF229002C0205;
			remoteInfo = UnboxTests;
		};
		6292BEB51C0B9E0D00CC1B8E /* PBXContainerItemProxy */ = {
			isa = PBXContainerItemProxy;
			containerPortal = 6292BEAC1C0B9E0D00CC1B8E /* ReactiveCocoa.xcodeproj */;
			proxyType = 2;
			remoteGlobalIDString = D04725EA19E49ED7006002AA;
			remoteInfo = "ReactiveCocoa-Mac";
		};
		6292BEB71C0B9E0D00CC1B8E /* PBXContainerItemProxy */ = {
			isa = PBXContainerItemProxy;
			containerPortal = 6292BEAC1C0B9E0D00CC1B8E /* ReactiveCocoa.xcodeproj */;
			proxyType = 2;
			remoteGlobalIDString = D04725F519E49ED7006002AA;
			remoteInfo = "ReactiveCocoa-MacTests";
		};
		6292BEB91C0B9E0D00CC1B8E /* PBXContainerItemProxy */ = {
			isa = PBXContainerItemProxy;
			containerPortal = 6292BEAC1C0B9E0D00CC1B8E /* ReactiveCocoa.xcodeproj */;
			proxyType = 2;
			remoteGlobalIDString = D047260C19E49F82006002AA;
			remoteInfo = "ReactiveCocoa-iOS";
		};
		6292BEBB1C0B9E0D00CC1B8E /* PBXContainerItemProxy */ = {
			isa = PBXContainerItemProxy;
			containerPortal = 6292BEAC1C0B9E0D00CC1B8E /* ReactiveCocoa.xcodeproj */;
			proxyType = 2;
			remoteGlobalIDString = D047261619E49F82006002AA;
			remoteInfo = "ReactiveCocoa-iOSTests";
		};
		6292BEBD1C0B9E0D00CC1B8E /* PBXContainerItemProxy */ = {
			isa = PBXContainerItemProxy;
			containerPortal = 6292BEAC1C0B9E0D00CC1B8E /* ReactiveCocoa.xcodeproj */;
			proxyType = 2;
			remoteGlobalIDString = A9B315541B3940610001CB9C;
			remoteInfo = "ReactiveCocoa-watchOS";
		};
		6292BEBF1C0B9E0D00CC1B8E /* PBXContainerItemProxy */ = {
			isa = PBXContainerItemProxy;
			containerPortal = 6292BEAC1C0B9E0D00CC1B8E /* ReactiveCocoa.xcodeproj */;
			proxyType = 2;
			remoteGlobalIDString = 57A4D2411BA13D7A00F7D4B1;
			remoteInfo = "ReactiveCocoa-tvOS";
		};
		6292BED41C0BC40F00CC1B8E /* PBXContainerItemProxy */ = {
			isa = PBXContainerItemProxy;
			containerPortal = 62D3B6B01BF2FAA80056D509 /* Project object */;
			proxyType = 1;
			remoteGlobalIDString = 6267DD551C07ADA10080BF30;
			remoteInfo = SwiftFlow;
		};
		6292BED61C0BC41A00CC1B8E /* PBXContainerItemProxy */ = {
			isa = PBXContainerItemProxy;
			containerPortal = 62D3B6B01BF2FAA80056D509 /* Project object */;
			proxyType = 1;
			remoteGlobalIDString = 6267DD551C07ADA10080BF30;
			remoteInfo = SwiftFlow;
		};
		6292BED81C0BC41F00CC1B8E /* PBXContainerItemProxy */ = {
			isa = PBXContainerItemProxy;
			containerPortal = 62D3B6B01BF2FAA80056D509 /* Project object */;
			proxyType = 1;
			remoteGlobalIDString = 6267DD551C07ADA10080BF30;
			remoteInfo = SwiftFlow;
		};
		62BBE79E1C0ACE59004D6822 /* PBXContainerItemProxy */ = {
			isa = PBXContainerItemProxy;
			containerPortal = 62D3B6B01BF2FAA80056D509 /* Project object */;
			proxyType = 1;
			remoteGlobalIDString = 62BBE7981C0ACE59004D6822;
			remoteInfo = SwiftFlowPersistenceNSCoding;
		};
		62D3B6CD1BF2FAA80056D509 /* PBXContainerItemProxy */ = {
			isa = PBXContainerItemProxy;
			containerPortal = 62D3B6B01BF2FAA80056D509 /* Project object */;
			proxyType = 1;
			remoteGlobalIDString = 62D3B6B71BF2FAA80056D509;
			remoteInfo = Meet;
		};
		62D3B6D81BF2FAA80056D509 /* PBXContainerItemProxy */ = {
			isa = PBXContainerItemProxy;
			containerPortal = 62D3B6B01BF2FAA80056D509 /* Project object */;
			proxyType = 1;
			remoteGlobalIDString = 62D3B6B71BF2FAA80056D509;
			remoteInfo = Meet;
		};
/* End PBXContainerItemProxy section */

/* Begin PBXCopyFilesBuildPhase section */
		626DA43B1BFEA4C200988FC0 /* Embed Frameworks */ = {
			isa = PBXCopyFilesBuildPhase;
			buildActionMask = 2147483647;
			dstPath = "";
			dstSubfolderSpec = 10;
			files = (
				6292BEC11C0B9E1900CC1B8E /* ReactiveCocoa.framework in Embed Frameworks */,
				628B30F51C0B9C3400E2213D /* ListKit.framework in Embed Frameworks */,
				628B30F41C0B9C2C00E2213D /* Result.framework in Embed Frameworks */,
				628B30F21C0B9C1B00E2213D /* WebImage.framework in Embed Frameworks */,
				628B30F11C0B9C1400E2213D /* SSKeychain.framework in Embed Frameworks */,
				628B30F01C0B9C0D00E2213D /* SwifteriOS.framework in Embed Frameworks */,
				628B30EF1C0B9C0300E2213D /* Unbox.framework in Embed Frameworks */,
				6267DD5E1C07ADA10080BF30 /* SwiftFlow.framework in Embed Frameworks */,
				62BBE7A11C0ACE59004D6822 /* SwiftFlowPersistenceNSCoding.framework in Embed Frameworks */,
				6267DD4B1C07A0A90080BF30 /* SwiftFlowRouter.framework in Embed Frameworks */,
				6267DD981C07B2490080BF30 /* SwiftFlowReactiveCocoaExtensions.framework in Embed Frameworks */,
			);
			name = "Embed Frameworks";
			runOnlyForDeploymentPostprocessing = 0;
		};
/* End PBXCopyFilesBuildPhase section */

/* Begin PBXFileReference section */
		6267DD431C07A0A90080BF30 /* SwiftFlowRouter.framework */ = {isa = PBXFileReference; explicitFileType = wrapper.framework; includeInIndex = 0; path = SwiftFlowRouter.framework; sourceTree = BUILT_PRODUCTS_DIR; };
		6267DD451C07A0A90080BF30 /* SwiftFlowRouter.h */ = {isa = PBXFileReference; lastKnownFileType = sourcecode.c.h; path = SwiftFlowRouter.h; sourceTree = "<group>"; };
		6267DD471C07A0A90080BF30 /* Info.plist */ = {isa = PBXFileReference; lastKnownFileType = text.plist.xml; path = Info.plist; sourceTree = "<group>"; };
		6267DD561C07ADA10080BF30 /* SwiftFlow.framework */ = {isa = PBXFileReference; explicitFileType = wrapper.framework; includeInIndex = 0; path = SwiftFlow.framework; sourceTree = BUILT_PRODUCTS_DIR; };
		6267DD581C07ADA10080BF30 /* SwiftFlow.h */ = {isa = PBXFileReference; lastKnownFileType = sourcecode.c.h; path = SwiftFlow.h; sourceTree = "<group>"; };
		6267DD5A1C07ADA10080BF30 /* Info.plist */ = {isa = PBXFileReference; lastKnownFileType = text.plist.xml; path = Info.plist; sourceTree = "<group>"; };
		6267DD901C07B2480080BF30 /* SwiftFlowReactiveCocoaExtensions.framework */ = {isa = PBXFileReference; explicitFileType = wrapper.framework; includeInIndex = 0; path = SwiftFlowReactiveCocoaExtensions.framework; sourceTree = BUILT_PRODUCTS_DIR; };
		6267DD921C07B2480080BF30 /* SwiftFlowReactiveCocoaExtensions.h */ = {isa = PBXFileReference; lastKnownFileType = sourcecode.c.h; path = SwiftFlowReactiveCocoaExtensions.h; sourceTree = "<group>"; };
		6267DD941C07B2490080BF30 /* Info.plist */ = {isa = PBXFileReference; lastKnownFileType = text.plist.xml; path = Info.plist; sourceTree = "<group>"; };
		626DA42C1BFE8CC700988FC0 /* Contact.swift */ = {isa = PBXFileReference; fileEncoding = 4; lastKnownFileType = sourcecode.swift; path = Contact.swift; sourceTree = "<group>"; };
		626DA4301BFE94BC00988FC0 /* Model.swift */ = {isa = PBXFileReference; fileEncoding = 4; lastKnownFileType = sourcecode.swift; path = Model.swift; sourceTree = "<group>"; };
		626DA4321BFE9DA400988FC0 /* DataMutationReducer.swift */ = {isa = PBXFileReference; fileEncoding = 4; lastKnownFileType = sourcecode.swift; path = DataMutationReducer.swift; sourceTree = "<group>"; };
		626DA4341BFE9E1C00988FC0 /* DataState.swift */ = {isa = PBXFileReference; fileEncoding = 4; lastKnownFileType = sourcecode.swift; path = DataState.swift; sourceTree = "<group>"; };
		626DA4491BFFE06C00988FC0 /* TwitterClient.swift */ = {isa = PBXFileReference; fileEncoding = 4; lastKnownFileType = sourcecode.swift; path = TwitterClient.swift; sourceTree = "<group>"; };
		626DA44E1BFFE44400988FC0 /* Authentication.swift */ = {isa = PBXFileReference; fileEncoding = 4; lastKnownFileType = sourcecode.swift; path = Authentication.swift; sourceTree = "<group>"; };
		626DA4501BFFEDBE00988FC0 /* TwitterAPIActionCreator.swift */ = {isa = PBXFileReference; fileEncoding = 4; lastKnownFileType = sourcecode.swift; path = TwitterAPIActionCreator.swift; sourceTree = "<group>"; };
		626DA4521BFFEE6400988FC0 /* TwitterAPIState.swift */ = {isa = PBXFileReference; fileEncoding = 4; lastKnownFileType = sourcecode.swift; path = TwitterAPIState.swift; sourceTree = "<group>"; };
		626DA4541BFFEF5B00988FC0 /* TwitterAPIReducer.swift */ = {isa = PBXFileReference; fileEncoding = 4; lastKnownFileType = sourcecode.swift; path = TwitterAPIReducer.swift; sourceTree = "<group>"; };
		626DA4561C000FAE00988FC0 /* TwitterKeys.plist */ = {isa = PBXFileReference; fileEncoding = 4; lastKnownFileType = text.plist.xml; path = TwitterKeys.plist; sourceTree = "<group>"; };
		627B05E01C09700D00481356 /* SwiftFlowTests.xctest */ = {isa = PBXFileReference; explicitFileType = wrapper.cfbundle; includeInIndex = 0; path = SwiftFlowTests.xctest; sourceTree = BUILT_PRODUCTS_DIR; };
		627B05E21C09700D00481356 /* StoreTests.swift */ = {isa = PBXFileReference; lastKnownFileType = sourcecode.swift; path = StoreTests.swift; sourceTree = "<group>"; };
		627B05E41C09700D00481356 /* Info.plist */ = {isa = PBXFileReference; lastKnownFileType = text.plist.xml; path = Info.plist; sourceTree = "<group>"; };
		628B30851C0B9BB300E2213D /* ListKit.xcodeproj */ = {isa = PBXFileReference; lastKnownFileType = "wrapper.pb-project"; name = ListKit.xcodeproj; path = Carthage/Checkouts/ListKit/ListKit.xcodeproj; sourceTree = SOURCE_ROOT; };
		628B30941C0B9BBE00E2213D /* Result.xcodeproj */ = {isa = PBXFileReference; lastKnownFileType = "wrapper.pb-project"; name = Result.xcodeproj; path = Carthage/Checkouts/Result/Result.xcodeproj; sourceTree = SOURCE_ROOT; };
		628B30AF1C0B9BCB00E2213D /* SDWebImage.xcodeproj */ = {isa = PBXFileReference; lastKnownFileType = "wrapper.pb-project"; name = SDWebImage.xcodeproj; path = Carthage/Checkouts/SDWebImage/SDWebImage.xcodeproj; sourceTree = SOURCE_ROOT; };
		628B30BF1C0B9BDB00E2213D /* SSKeychain.xcodeproj */ = {isa = PBXFileReference; lastKnownFileType = "wrapper.pb-project"; name = SSKeychain.xcodeproj; path = Carthage/Checkouts/sskeychain/SSKeychain.xcodeproj; sourceTree = SOURCE_ROOT; };
		628B30CE1C0B9BE500E2213D /* Swifter.xcodeproj */ = {isa = PBXFileReference; lastKnownFileType = "wrapper.pb-project"; name = Swifter.xcodeproj; path = Carthage/Checkouts/Swifter/Swifter.xcodeproj; sourceTree = SOURCE_ROOT; };
		628B30DD1C0B9BEF00E2213D /* Unbox.xcodeproj */ = {isa = PBXFileReference; lastKnownFileType = "wrapper.pb-project"; name = Unbox.xcodeproj; path = Carthage/Checkouts/Unbox/Unbox.xcodeproj; sourceTree = SOURCE_ROOT; };
		6292BEAC1C0B9E0D00CC1B8E /* ReactiveCocoa.xcodeproj */ = {isa = PBXFileReference; lastKnownFileType = "wrapper.pb-project"; name = ReactiveCocoa.xcodeproj; path = Carthage/Checkouts/ReactiveCocoa/ReactiveCocoa.xcodeproj; sourceTree = SOURCE_ROOT; };
		6292BEC31C0BAA4100CC1B8E /* TwitterSearchErrorTableViewCell.xib */ = {isa = PBXFileReference; fileEncoding = 4; lastKnownFileType = file.xib; path = TwitterSearchErrorTableViewCell.xib; sourceTree = "<group>"; };
		6292BEC61C0BAE9900CC1B8E /* CoreGraphics.framework */ = {isa = PBXFileReference; lastKnownFileType = wrapper.framework; name = CoreGraphics.framework; path = System/Library/Frameworks/CoreGraphics.framework; sourceTree = SDKROOT; };
		6292BEC81C0BAED300CC1B8E /* ImageIO.framework */ = {isa = PBXFileReference; lastKnownFileType = wrapper.framework; name = ImageIO.framework; path = System/Library/Frameworks/ImageIO.framework; sourceTree = SDKROOT; };
		6292BECB1C0BB27E00CC1B8E /* NetworkErrorView.xib */ = {isa = PBXFileReference; fileEncoding = 4; lastKnownFileType = file.xib; path = NetworkErrorView.xib; sourceTree = "<group>"; };
		6292BECF1C0BB78100CC1B8E /* NetworkErrorView.swift */ = {isa = PBXFileReference; fileEncoding = 4; lastKnownFileType = sourcecode.swift; path = NetworkErrorView.swift; sourceTree = "<group>"; };
		629E0BE61C09322E0065D495 /* NavigationActions.swift */ = {isa = PBXFileReference; fileEncoding = 4; lastKnownFileType = sourcecode.swift; path = NavigationActions.swift; sourceTree = "<group>"; };
		629E0BEE1C0951760065D495 /* TypeHelper.swift */ = {isa = PBXFileReference; fileEncoding = 4; lastKnownFileType = sourcecode.swift; path = TypeHelper.swift; sourceTree = "<group>"; };
		629E0BF01C0951900065D495 /* Types.swift */ = {isa = PBXFileReference; fileEncoding = 4; lastKnownFileType = sourcecode.swift; path = Types.swift; sourceTree = "<group>"; };
		62BBE78E1C0A6FA3004D6822 /* Store.swift */ = {isa = PBXFileReference; fileEncoding = 4; lastKnownFileType = sourcecode.swift; path = Store.swift; sourceTree = "<group>"; };
		62BBE7991C0ACE59004D6822 /* SwiftFlowPersistenceNSCoding.framework */ = {isa = PBXFileReference; explicitFileType = wrapper.framework; includeInIndex = 0; path = SwiftFlowPersistenceNSCoding.framework; sourceTree = BUILT_PRODUCTS_DIR; };
		62BBE79B1C0ACE59004D6822 /* SwiftFlowPersistenceNSCoding.h */ = {isa = PBXFileReference; lastKnownFileType = sourcecode.c.h; path = SwiftFlowPersistenceNSCoding.h; sourceTree = "<group>"; };
		62BBE79D1C0ACE59004D6822 /* Info.plist */ = {isa = PBXFileReference; lastKnownFileType = text.plist.xml; path = Info.plist; sourceTree = "<group>"; };
		62CCBA561C058A5200B4F000 /* Contact+Coding.swift */ = {isa = PBXFileReference; fileEncoding = 4; lastKnownFileType = sourcecode.swift; path = "Contact+Coding.swift"; sourceTree = "<group>"; };
		62D3B6B81BF2FAA80056D509 /* Meet.app */ = {isa = PBXFileReference; explicitFileType = wrapper.application; includeInIndex = 0; path = Meet.app; sourceTree = BUILT_PRODUCTS_DIR; };
		62D3B6BB1BF2FAA80056D509 /* AppDelegate.swift */ = {isa = PBXFileReference; lastKnownFileType = sourcecode.swift; path = AppDelegate.swift; sourceTree = "<group>"; };
		62D3B6C01BF2FAA80056D509 /* Base */ = {isa = PBXFileReference; lastKnownFileType = file.storyboard; name = Base; path = Base.lproj/Main.storyboard; sourceTree = "<group>"; };
		62D3B6C21BF2FAA80056D509 /* Assets.xcassets */ = {isa = PBXFileReference; lastKnownFileType = folder.assetcatalog; path = Assets.xcassets; sourceTree = "<group>"; };
		62D3B6C51BF2FAA80056D509 /* Base */ = {isa = PBXFileReference; lastKnownFileType = file.storyboard; name = Base; path = Base.lproj/LaunchScreen.storyboard; sourceTree = "<group>"; };
		62D3B6C71BF2FAA80056D509 /* Info.plist */ = {isa = PBXFileReference; lastKnownFileType = text.plist.xml; path = Info.plist; sourceTree = "<group>"; };
		62D3B6CC1BF2FAA80056D509 /* MeetTests.xctest */ = {isa = PBXFileReference; explicitFileType = wrapper.cfbundle; includeInIndex = 0; path = MeetTests.xctest; sourceTree = BUILT_PRODUCTS_DIR; };
		62D3B6D01BF2FAA80056D509 /* MeetTests.swift */ = {isa = PBXFileReference; lastKnownFileType = sourcecode.swift; path = MeetTests.swift; sourceTree = "<group>"; };
		62D3B6D21BF2FAA80056D509 /* Info.plist */ = {isa = PBXFileReference; lastKnownFileType = text.plist.xml; path = Info.plist; sourceTree = "<group>"; };
		62D3B6D71BF2FAA80056D509 /* MeetUITests.xctest */ = {isa = PBXFileReference; explicitFileType = wrapper.cfbundle; includeInIndex = 0; path = MeetUITests.xctest; sourceTree = BUILT_PRODUCTS_DIR; };
		62D3B6DB1BF2FAA80056D509 /* MeetUITests.swift */ = {isa = PBXFileReference; lastKnownFileType = sourcecode.swift; path = MeetUITests.swift; sourceTree = "<group>"; };
		62D3B6DD1BF2FAA80056D509 /* Info.plist */ = {isa = PBXFileReference; lastKnownFileType = text.plist.xml; path = Info.plist; sourceTree = "<group>"; };
		62D3B6EA1BF3A9870056D509 /* AppState.swift */ = {isa = PBXFileReference; fileEncoding = 4; lastKnownFileType = sourcecode.swift; path = AppState.swift; sourceTree = "<group>"; };
		62D3B6F71BF3B72E0056D509 /* ContactListViewController.swift */ = {isa = PBXFileReference; fileEncoding = 4; lastKnownFileType = sourcecode.swift; path = ContactListViewController.swift; sourceTree = "<group>"; };
		62D3B6F91BF3B73A0056D509 /* AddContactViewController.swift */ = {isa = PBXFileReference; fileEncoding = 4; lastKnownFileType = sourcecode.swift; path = AddContactViewController.swift; sourceTree = "<group>"; };
		62D3B6FF1BF446310056D509 /* Actions.swift */ = {isa = PBXFileReference; fileEncoding = 4; lastKnownFileType = sourcecode.swift; path = Actions.swift; sourceTree = "<group>"; };
		62D3B7011BF4485C0056D509 /* MainReducer.swift */ = {isa = PBXFileReference; fileEncoding = 4; lastKnownFileType = sourcecode.swift; name = MainReducer.swift; path = ../Meet/Reducers/MainReducer.swift; sourceTree = "<group>"; };
		62D3B7051BF457C40056D509 /* SearchTwitterViewController.swift */ = {isa = PBXFileReference; fileEncoding = 4; lastKnownFileType = sourcecode.swift; path = SearchTwitterViewController.swift; sourceTree = "<group>"; };
		62D3B72F1BFC58430056D509 /* EmaiIIntroViewController.swift */ = {isa = PBXFileReference; fileEncoding = 4; lastKnownFileType = sourcecode.swift; path = EmaiIIntroViewController.swift; sourceTree = "<group>"; };
		62D4927D1C02C1B200607938 /* TwitterUser.swift */ = {isa = PBXFileReference; fileEncoding = 4; lastKnownFileType = sourcecode.swift; path = TwitterUser.swift; sourceTree = "<group>"; };
		62D492831C02D2C000607938 /* TwitterUserTableViewCell.xib */ = {isa = PBXFileReference; fileEncoding = 4; lastKnownFileType = file.xib; path = TwitterUserTableViewCell.xib; sourceTree = "<group>"; };
		62D492851C02D2E400607938 /* TwitterUserTableViewCell.swift */ = {isa = PBXFileReference; fileEncoding = 4; lastKnownFileType = sourcecode.swift; path = TwitterUserTableViewCell.swift; sourceTree = "<group>"; };
		62E58D1F1C0AF44900FE505E /* NavigationState.swift */ = {isa = PBXFileReference; fileEncoding = 4; lastKnownFileType = sourcecode.swift; path = NavigationState.swift; sourceTree = "<group>"; };
		62E58D201C0AF44900FE505E /* Router.swift */ = {isa = PBXFileReference; fileEncoding = 4; lastKnownFileType = sourcecode.swift; path = Router.swift; sourceTree = "<group>"; };
		62E58D211C0AF44900FE505E /* NavigationReducer.swift */ = {isa = PBXFileReference; fileEncoding = 4; lastKnownFileType = sourcecode.swift; path = NavigationReducer.swift; sourceTree = "<group>"; };
		62E58D251C0AF45500FE505E /* MainStore.swift */ = {isa = PBXFileReference; fileEncoding = 4; lastKnownFileType = sourcecode.swift; path = MainStore.swift; sourceTree = "<group>"; };
		62E58D271C0AF46400FE505E /* PersistenceAdapter.swift */ = {isa = PBXFileReference; fileEncoding = 4; lastKnownFileType = sourcecode.swift; path = PersistenceAdapter.swift; sourceTree = "<group>"; };
		62F43A821C022FCD0067E132 /* AppDelegateTests.swift */ = {isa = PBXFileReference; fileEncoding = 4; lastKnownFileType = sourcecode.swift; path = AppDelegateTests.swift; sourceTree = "<group>"; };
		62FF6BD31C0B94CF003CF5A8 /* MainStoreReactiveCocoa.swift */ = {isa = PBXFileReference; fileEncoding = 4; lastKnownFileType = sourcecode.swift; path = MainStoreReactiveCocoa.swift; sourceTree = "<group>"; };
/* End PBXFileReference section */

/* Begin PBXFrameworksBuildPhase section */
		6267DD3F1C07A0A90080BF30 /* Frameworks */ = {
			isa = PBXFrameworksBuildPhase;
			buildActionMask = 2147483647;
			files = (
				6292BED31C0BC18100CC1B8E /* SwiftFlow.framework in Frameworks */,
			);
			runOnlyForDeploymentPostprocessing = 0;
		};
		6267DD521C07ADA10080BF30 /* Frameworks */ = {
			isa = PBXFrameworksBuildPhase;
			buildActionMask = 2147483647;
			files = (
			);
			runOnlyForDeploymentPostprocessing = 0;
		};
		6267DD8C1C07B2480080BF30 /* Frameworks */ = {
			isa = PBXFrameworksBuildPhase;
			buildActionMask = 2147483647;
			files = (
				6292BEDA1C0BC64300CC1B8E /* ReactiveCocoa.framework in Frameworks */,
				6292BED11C0BC17600CC1B8E /* SwiftFlow.framework in Frameworks */,
			);
			runOnlyForDeploymentPostprocessing = 0;
		};
		627B05DD1C09700D00481356 /* Frameworks */ = {
			isa = PBXFrameworksBuildPhase;
			buildActionMask = 2147483647;
			files = (
				627B05E51C09700D00481356 /* SwiftFlow.framework in Frameworks */,
			);
			runOnlyForDeploymentPostprocessing = 0;
		};
		62BBE7951C0ACE59004D6822 /* Frameworks */ = {
			isa = PBXFrameworksBuildPhase;
			buildActionMask = 2147483647;
			files = (
				6292BED21C0BC17D00CC1B8E /* SwiftFlow.framework in Frameworks */,
			);
			runOnlyForDeploymentPostprocessing = 0;
		};
		62D3B6B51BF2FAA80056D509 /* Frameworks */ = {
			isa = PBXFrameworksBuildPhase;
			buildActionMask = 2147483647;
			files = (
				6292BEC91C0BAED300CC1B8E /* ImageIO.framework in Frameworks */,
				6267DD5D1C07ADA10080BF30 /* SwiftFlow.framework in Frameworks */,
				62BBE7A01C0ACE59004D6822 /* SwiftFlowPersistenceNSCoding.framework in Frameworks */,
				6267DD4A1C07A0A90080BF30 /* SwiftFlowRouter.framework in Frameworks */,
				6267DD971C07B2490080BF30 /* SwiftFlowReactiveCocoaExtensions.framework in Frameworks */,
			);
			runOnlyForDeploymentPostprocessing = 0;
		};
		62D3B6C91BF2FAA80056D509 /* Frameworks */ = {
			isa = PBXFrameworksBuildPhase;
			buildActionMask = 2147483647;
			files = (
			);
			runOnlyForDeploymentPostprocessing = 0;
		};
		62D3B6D41BF2FAA80056D509 /* Frameworks */ = {
			isa = PBXFrameworksBuildPhase;
			buildActionMask = 2147483647;
			files = (
			);
			runOnlyForDeploymentPostprocessing = 0;
		};
/* End PBXFrameworksBuildPhase section */

/* Begin PBXGroup section */
		6267DD441C07A0A90080BF30 /* SwiftFlowRouter */ = {
			isa = PBXGroup;
			children = (
				62E58D1F1C0AF44900FE505E /* NavigationState.swift */,
				62E58D201C0AF44900FE505E /* Router.swift */,
				62E58D211C0AF44900FE505E /* NavigationReducer.swift */,
				6267DD451C07A0A90080BF30 /* SwiftFlowRouter.h */,
				6267DD471C07A0A90080BF30 /* Info.plist */,
				629E0BE61C09322E0065D495 /* NavigationActions.swift */,
			);
			path = SwiftFlowRouter;
			sourceTree = "<group>";
		};
		6267DD571C07ADA10080BF30 /* SwiftFlow */ = {
			isa = PBXGroup;
			children = (
				62E58D251C0AF45500FE505E /* MainStore.swift */,
				62D3B7011BF4485C0056D509 /* MainReducer.swift */,
				6267DD581C07ADA10080BF30 /* SwiftFlow.h */,
				6267DD5A1C07ADA10080BF30 /* Info.plist */,
				629E0BEE1C0951760065D495 /* TypeHelper.swift */,
				629E0BF01C0951900065D495 /* Types.swift */,
				62BBE78E1C0A6FA3004D6822 /* Store.swift */,
			);
			path = SwiftFlow;
			sourceTree = "<group>";
		};
		6267DD911C07B2480080BF30 /* SwiftFlowReactiveCocoaExtensions */ = {
			isa = PBXGroup;
			children = (
				62FF6BD31C0B94CF003CF5A8 /* MainStoreReactiveCocoa.swift */,
				6267DD921C07B2480080BF30 /* SwiftFlowReactiveCocoaExtensions.h */,
				6267DD941C07B2490080BF30 /* Info.plist */,
			);
			path = SwiftFlowReactiveCocoaExtensions;
			sourceTree = "<group>";
		};
		626DA42B1BFE71B700988FC0 /* Models */ = {
			isa = PBXGroup;
			children = (
				626DA42C1BFE8CC700988FC0 /* Contact.swift */,
				626DA4301BFE94BC00988FC0 /* Model.swift */,
				62D4927D1C02C1B200607938 /* TwitterUser.swift */,
			);
			path = Models;
			sourceTree = "<group>";
		};
		626DA4361BFEA4A700988FC0 /* Frameworks */ = {
			isa = PBXGroup;
			children = (
				6292BEAC1C0B9E0D00CC1B8E /* ReactiveCocoa.xcodeproj */,
				628B30DD1C0B9BEF00E2213D /* Unbox.xcodeproj */,
				628B30CE1C0B9BE500E2213D /* Swifter.xcodeproj */,
				628B30BF1C0B9BDB00E2213D /* SSKeychain.xcodeproj */,
				628B30AF1C0B9BCB00E2213D /* SDWebImage.xcodeproj */,
				628B30941C0B9BBE00E2213D /* Result.xcodeproj */,
				628B30851C0B9BB300E2213D /* ListKit.xcodeproj */,
			);
			name = Frameworks;
			sourceTree = "<group>";
		};
		626DA4481BFFE06100988FC0 /* Clients */ = {
			isa = PBXGroup;
			children = (
				626DA44D1BFFE43800988FC0 /* Auth */,
				626DA4491BFFE06C00988FC0 /* TwitterClient.swift */,
			);
			path = Clients;
			sourceTree = "<group>";
		};
		626DA44D1BFFE43800988FC0 /* Auth */ = {
			isa = PBXGroup;
			children = (
				626DA4561C000FAE00988FC0 /* TwitterKeys.plist */,
				626DA44E1BFFE44400988FC0 /* Authentication.swift */,
			);
			path = Auth;
			sourceTree = "<group>";
		};
		627B05E11C09700D00481356 /* SwiftFlowTests */ = {
			isa = PBXGroup;
			children = (
				627B05E21C09700D00481356 /* StoreTests.swift */,
				627B05E41C09700D00481356 /* Info.plist */,
			);
			path = SwiftFlowTests;
			sourceTree = "<group>";
		};
		628B30861C0B9BB300E2213D /* Products */ = {
			isa = PBXGroup;
			children = (
				628B308D1C0B9BB300E2213D /* ListKitDemo.app */,
				628B308F1C0B9BB300E2213D /* ListKit.xctest */,
				628B30911C0B9BB300E2213D /* ListKit.framework */,
				628B30931C0B9BB300E2213D /* ListKitTests.xctest */,
			);
			name = Products;
			sourceTree = "<group>";
		};
		628B30951C0B9BBE00E2213D /* Products */ = {
			isa = PBXGroup;
			children = (
				628B30A01C0B9BBE00E2213D /* Result.framework */,
				628B30A21C0B9BBE00E2213D /* Result-MacTests.xctest */,
				628B30A41C0B9BBE00E2213D /* Result.framework */,
				628B30A61C0B9BBE00E2213D /* Result-iOSTests.xctest */,
				628B30A81C0B9BBE00E2213D /* Result.framework */,
				628B30AA1C0B9BBE00E2213D /* Result-tvOSTests.xctest */,
				628B30AC1C0B9BBE00E2213D /* Result.framework */,
				628B30AE1C0B9BBE00E2213D /* Result-watchOSTests.xctest */,
			);
			name = Products;
			sourceTree = "<group>";
		};
		628B30B01C0B9BCB00E2213D /* Products */ = {
			isa = PBXGroup;
			children = (
				628B30B81C0B9BCB00E2213D /* libSDWebImage.a */,
				628B30BA1C0B9BCB00E2213D /* libSDWebImage+WebP.a */,
				628B30BC1C0B9BCB00E2213D /* libSDWebImage+MKAnnotation.a */,
				628B30BE1C0B9BCB00E2213D /* WebImage.framework */,
			);
			name = Products;
			sourceTree = "<group>";
		};
		628B30C01C0B9BDB00E2213D /* Products */ = {
			isa = PBXGroup;
			children = (
				628B30C71C0B9BDB00E2213D /* SSKeychain.framework */,
				628B30C91C0B9BDB00E2213D /* SSKeychain iOS Tests.xctest */,
				628B30CB1C0B9BDB00E2213D /* SSKeychain.framework */,
				628B30CD1C0B9BDB00E2213D /* SSKeychain Mac Tests.xctest */,
			);
			name = Products;
			sourceTree = "<group>";
		};
		628B30CF1C0B9BE500E2213D /* Products */ = {
			isa = PBXGroup;
			children = (
				628B30D61C0B9BE500E2213D /* SwifterDemoiOS.app */,
				628B30D81C0B9BE500E2213D /* SwifteriOS.framework */,
				628B30DA1C0B9BE500E2213D /* SwifterMac.framework */,
				628B30DC1C0B9BE500E2213D /* SwifterDemoMac.app */,
			);
			name = Products;
			sourceTree = "<group>";
		};
		628B30DE1C0B9BEF00E2213D /* Products */ = {
			isa = PBXGroup;
			children = (
				628B30E61C0B9BEF00E2213D /* Unbox.framework */,
				628B30E81C0B9BEF00E2213D /* Unbox.framework */,
				628B30EA1C0B9BEF00E2213D /* Unbox.framework */,
				628B30EC1C0B9BEF00E2213D /* Unbox.framework */,
				628B30EE1C0B9BEF00E2213D /* UnboxTests.xctest */,
			);
			name = Products;
			sourceTree = "<group>";
		};
		6292BEAD1C0B9E0D00CC1B8E /* Products */ = {
			isa = PBXGroup;
			children = (
				6292BEB61C0B9E0D00CC1B8E /* ReactiveCocoa.framework */,
				6292BEB81C0B9E0D00CC1B8E /* ReactiveCocoaTests.xctest */,
				6292BEBA1C0B9E0D00CC1B8E /* ReactiveCocoa.framework */,
				6292BEBC1C0B9E0D00CC1B8E /* ReactiveCocoaTests.xctest */,
				6292BEBE1C0B9E0D00CC1B8E /* ReactiveCocoa.framework */,
				6292BEC01C0B9E0D00CC1B8E /* ReactiveCocoa.framework */,
			);
			name = Products;
			sourceTree = "<group>";
		};
		6292BECA1C0BB27200CC1B8E /* NetworkError */ = {
			isa = PBXGroup;
			children = (
				6292BECB1C0BB27E00CC1B8E /* NetworkErrorView.xib */,
				6292BECF1C0BB78100CC1B8E /* NetworkErrorView.swift */,
			);
			path = NetworkError;
			sourceTree = "<group>";
		};
		62BBE79A1C0ACE59004D6822 /* SwiftFlowPersistenceNSCoding */ = {
			isa = PBXGroup;
			children = (
				62E58D271C0AF46400FE505E /* PersistenceAdapter.swift */,
				62BBE79B1C0ACE59004D6822 /* SwiftFlowPersistenceNSCoding.h */,
				62BBE79D1C0ACE59004D6822 /* Info.plist */,
			);
			path = SwiftFlowPersistenceNSCoding;
			sourceTree = "<group>";
		};
		62CCBA551C058A2000B4F000 /* Persistence */ = {
			isa = PBXGroup;
			children = (
				62CCBA561C058A5200B4F000 /* Contact+Coding.swift */,
			);
			path = Persistence;
			sourceTree = "<group>";
		};
		62D3B6AF1BF2FAA80056D509 = {
			isa = PBXGroup;
			children = (
				6292BEC81C0BAED300CC1B8E /* ImageIO.framework */,
				6292BEC61C0BAE9900CC1B8E /* CoreGraphics.framework */,
				62D3B6BA1BF2FAA80056D509 /* Meet */,
				62D3B6CF1BF2FAA80056D509 /* MeetTests */,
				62D3B6DA1BF2FAA80056D509 /* MeetUITests */,
				6267DD441C07A0A90080BF30 /* SwiftFlowRouter */,
				6267DD571C07ADA10080BF30 /* SwiftFlow */,
				6267DD911C07B2480080BF30 /* SwiftFlowReactiveCocoaExtensions */,
				627B05E11C09700D00481356 /* SwiftFlowTests */,
				62BBE79A1C0ACE59004D6822 /* SwiftFlowPersistenceNSCoding */,
				62D3B6B91BF2FAA80056D509 /* Products */,
			);
			sourceTree = "<group>";
		};
		62D3B6B91BF2FAA80056D509 /* Products */ = {
			isa = PBXGroup;
			children = (
				62D3B6B81BF2FAA80056D509 /* Meet.app */,
				62D3B6CC1BF2FAA80056D509 /* MeetTests.xctest */,
				62D3B6D71BF2FAA80056D509 /* MeetUITests.xctest */,
				6267DD431C07A0A90080BF30 /* SwiftFlowRouter.framework */,
				6267DD561C07ADA10080BF30 /* SwiftFlow.framework */,
				6267DD901C07B2480080BF30 /* SwiftFlowReactiveCocoaExtensions.framework */,
				627B05E01C09700D00481356 /* SwiftFlowTests.xctest */,
				62BBE7991C0ACE59004D6822 /* SwiftFlowPersistenceNSCoding.framework */,
			);
			name = Products;
			sourceTree = "<group>";
		};
		62D3B6BA1BF2FAA80056D509 /* Meet */ = {
			isa = PBXGroup;
			children = (
				626DA4361BFEA4A700988FC0 /* Frameworks */,
				62CCBA551C058A2000B4F000 /* Persistence */,
				626DA4481BFFE06100988FC0 /* Clients */,
				62D492811C02D2A200607938 /* UI */,
				626DA42B1BFE71B700988FC0 /* Models */,
				62D3B6FE1BF446270056D509 /* Actions */,
				62D3B6F41BF3B7110056D509 /* ViewControllers */,
				62D3B6E91BF3A94F0056D509 /* State */,
				62D3B6EE1BF3AD3A0056D509 /* Reducers */,
				62D3B6BB1BF2FAA80056D509 /* AppDelegate.swift */,
				62D3B6BF1BF2FAA80056D509 /* Main.storyboard */,
				62D3B6C21BF2FAA80056D509 /* Assets.xcassets */,
				62D3B6C41BF2FAA80056D509 /* LaunchScreen.storyboard */,
				62D3B6C71BF2FAA80056D509 /* Info.plist */,
			);
			path = Meet;
			sourceTree = "<group>";
		};
		62D3B6CF1BF2FAA80056D509 /* MeetTests */ = {
			isa = PBXGroup;
			children = (
				62F43A811C022F820067E132 /* AppDelegate */,
				62D3B6D01BF2FAA80056D509 /* MeetTests.swift */,
				62D3B6D21BF2FAA80056D509 /* Info.plist */,
			);
			path = MeetTests;
			sourceTree = "<group>";
		};
		62D3B6DA1BF2FAA80056D509 /* MeetUITests */ = {
			isa = PBXGroup;
			children = (
				62D3B6DB1BF2FAA80056D509 /* MeetUITests.swift */,
				62D3B6DD1BF2FAA80056D509 /* Info.plist */,
			);
			path = MeetUITests;
			sourceTree = "<group>";
		};
		62D3B6E91BF3A94F0056D509 /* State */ = {
			isa = PBXGroup;
			children = (
				62D3B6EA1BF3A9870056D509 /* AppState.swift */,
				626DA4341BFE9E1C00988FC0 /* DataState.swift */,
				626DA4521BFFEE6400988FC0 /* TwitterAPIState.swift */,
			);
			path = State;
			sourceTree = "<group>";
		};
		62D3B6EE1BF3AD3A0056D509 /* Reducers */ = {
			isa = PBXGroup;
			children = (
				626DA4321BFE9DA400988FC0 /* DataMutationReducer.swift */,
				626DA4541BFFEF5B00988FC0 /* TwitterAPIReducer.swift */,
			);
			path = Reducers;
			sourceTree = "<group>";
		};
		62D3B6F41BF3B7110056D509 /* ViewControllers */ = {
			isa = PBXGroup;
			children = (
				62D3B6F71BF3B72E0056D509 /* ContactListViewController.swift */,
				62D3B6F91BF3B73A0056D509 /* AddContactViewController.swift */,
				62D3B7051BF457C40056D509 /* SearchTwitterViewController.swift */,
				62D3B72F1BFC58430056D509 /* EmaiIIntroViewController.swift */,
			);
			path = ViewControllers;
			sourceTree = "<group>";
		};
		62D3B6FE1BF446270056D509 /* Actions */ = {
			isa = PBXGroup;
			children = (
				62D3B6FF1BF446310056D509 /* Actions.swift */,
				626DA4501BFFEDBE00988FC0 /* TwitterAPIActionCreator.swift */,
			);
			path = Actions;
			sourceTree = "<group>";
		};
		62D492811C02D2A200607938 /* UI */ = {
			isa = PBXGroup;
			children = (
				6292BECA1C0BB27200CC1B8E /* NetworkError */,
				62D492821C02D2A200607938 /* TwitterSearch */,
			);
			path = UI;
			sourceTree = "<group>";
		};
		62D492821C02D2A200607938 /* TwitterSearch */ = {
			isa = PBXGroup;
			children = (
				62D492831C02D2C000607938 /* TwitterUserTableViewCell.xib */,
				62D492851C02D2E400607938 /* TwitterUserTableViewCell.swift */,
				6292BEC31C0BAA4100CC1B8E /* TwitterSearchErrorTableViewCell.xib */,
			);
			path = TwitterSearch;
			sourceTree = "<group>";
		};
		62F43A811C022F820067E132 /* AppDelegate */ = {
			isa = PBXGroup;
			children = (
				62F43A821C022FCD0067E132 /* AppDelegateTests.swift */,
			);
			path = AppDelegate;
			sourceTree = "<group>";
		};
/* End PBXGroup section */

/* Begin PBXHeadersBuildPhase section */
		6267DD401C07A0A90080BF30 /* Headers */ = {
			isa = PBXHeadersBuildPhase;
			buildActionMask = 2147483647;
			files = (
				6267DD931C07B2480080BF30 /* SwiftFlowReactiveCocoaExtensions.h in Headers */,
				6267DD591C07ADA10080BF30 /* SwiftFlow.h in Headers */,
				6267DD461C07A0A90080BF30 /* SwiftFlowRouter.h in Headers */,
			);
			runOnlyForDeploymentPostprocessing = 0;
		};
		6267DD531C07ADA10080BF30 /* Headers */ = {
			isa = PBXHeadersBuildPhase;
			buildActionMask = 2147483647;
			files = (
			);
			runOnlyForDeploymentPostprocessing = 0;
		};
		6267DD8D1C07B2480080BF30 /* Headers */ = {
			isa = PBXHeadersBuildPhase;
			buildActionMask = 2147483647;
			files = (
			);
			runOnlyForDeploymentPostprocessing = 0;
		};
		62BBE7961C0ACE59004D6822 /* Headers */ = {
			isa = PBXHeadersBuildPhase;
			buildActionMask = 2147483647;
			files = (
				62BBE79C1C0ACE59004D6822 /* SwiftFlowPersistenceNSCoding.h in Headers */,
			);
			runOnlyForDeploymentPostprocessing = 0;
		};
/* End PBXHeadersBuildPhase section */

/* Begin PBXNativeTarget section */
		6267DD421C07A0A90080BF30 /* SwiftFlowRouter */ = {
			isa = PBXNativeTarget;
			buildConfigurationList = 6267DD4E1C07A0AA0080BF30 /* Build configuration list for PBXNativeTarget "SwiftFlowRouter" */;
			buildPhases = (
				6267DD3E1C07A0A90080BF30 /* Sources */,
				6267DD3F1C07A0A90080BF30 /* Frameworks */,
				6267DD401C07A0A90080BF30 /* Headers */,
				6267DD411C07A0A90080BF30 /* Resources */,
			);
			buildRules = (
			);
			dependencies = (
				6292BED91C0BC41F00CC1B8E /* PBXTargetDependency */,
			);
			name = SwiftFlowRouter;
			productName = SwiftFlowRouter;
			productReference = 6267DD431C07A0A90080BF30 /* SwiftFlowRouter.framework */;
			productType = "com.apple.product-type.framework";
		};
		6267DD551C07ADA10080BF30 /* SwiftFlow */ = {
			isa = PBXNativeTarget;
			buildConfigurationList = 6267DD5F1C07ADA10080BF30 /* Build configuration list for PBXNativeTarget "SwiftFlow" */;
			buildPhases = (
				6267DD511C07ADA10080BF30 /* Sources */,
				6267DD521C07ADA10080BF30 /* Frameworks */,
				6267DD531C07ADA10080BF30 /* Headers */,
				6267DD541C07ADA10080BF30 /* Resources */,
			);
			buildRules = (
			);
			dependencies = (
			);
			name = SwiftFlow;
			productName = SwiftFlow;
			productReference = 6267DD561C07ADA10080BF30 /* SwiftFlow.framework */;
			productType = "com.apple.product-type.framework";
		};
		6267DD8F1C07B2480080BF30 /* SwiftFlowReactiveCocoaExtensions */ = {
			isa = PBXNativeTarget;
			buildConfigurationList = 6267DD991C07B2490080BF30 /* Build configuration list for PBXNativeTarget "SwiftFlowReactiveCocoaExtensions" */;
			buildPhases = (
				6267DD8B1C07B2480080BF30 /* Sources */,
				6267DD8C1C07B2480080BF30 /* Frameworks */,
				6267DD8D1C07B2480080BF30 /* Headers */,
				6267DD8E1C07B2480080BF30 /* Resources */,
			);
			buildRules = (
			);
			dependencies = (
				6292BED51C0BC40F00CC1B8E /* PBXTargetDependency */,
			);
			name = SwiftFlowReactiveCocoaExtensions;
			productName = SwiftFlowReactiveCocoaExtensions;
			productReference = 6267DD901C07B2480080BF30 /* SwiftFlowReactiveCocoaExtensions.framework */;
			productType = "com.apple.product-type.framework";
		};
		627B05DF1C09700D00481356 /* SwiftFlowTests */ = {
			isa = PBXNativeTarget;
			buildConfigurationList = 627B05E81C09700D00481356 /* Build configuration list for PBXNativeTarget "SwiftFlowTests" */;
			buildPhases = (
				627B05DC1C09700D00481356 /* Sources */,
				627B05DD1C09700D00481356 /* Frameworks */,
				627B05DE1C09700D00481356 /* Resources */,
				627B05EC1C0971E000481356 /* ShellScript */,
			);
			buildRules = (
			);
			dependencies = (
				627B05E71C09700D00481356 /* PBXTargetDependency */,
			);
			name = SwiftFlowTests;
			productName = SwiftFlowTests;
			productReference = 627B05E01C09700D00481356 /* SwiftFlowTests.xctest */;
			productType = "com.apple.product-type.bundle.unit-test";
		};
		62BBE7981C0ACE59004D6822 /* SwiftFlowPersistenceNSCoding */ = {
			isa = PBXNativeTarget;
			buildConfigurationList = 62BBE7A21C0ACE5A004D6822 /* Build configuration list for PBXNativeTarget "SwiftFlowPersistenceNSCoding" */;
			buildPhases = (
				62BBE7941C0ACE59004D6822 /* Sources */,
				62BBE7951C0ACE59004D6822 /* Frameworks */,
				62BBE7961C0ACE59004D6822 /* Headers */,
				62BBE7971C0ACE59004D6822 /* Resources */,
			);
			buildRules = (
			);
			dependencies = (
				6292BED71C0BC41A00CC1B8E /* PBXTargetDependency */,
			);
			name = SwiftFlowPersistenceNSCoding;
			productName = SwiftFlowPersistenceNSCoding;
			productReference = 62BBE7991C0ACE59004D6822 /* SwiftFlowPersistenceNSCoding.framework */;
			productType = "com.apple.product-type.framework";
		};
		62D3B6B71BF2FAA80056D509 /* Meet */ = {
			isa = PBXNativeTarget;
			buildConfigurationList = 62D3B6E01BF2FAA80056D509 /* Build configuration list for PBXNativeTarget "Meet" */;
			buildPhases = (
				62D3B6B41BF2FAA80056D509 /* Sources */,
				62D3B6B51BF2FAA80056D509 /* Frameworks */,
				62D3B6B61BF2FAA80056D509 /* Resources */,
				626DA43B1BFEA4C200988FC0 /* Embed Frameworks */,
			);
			buildRules = (
			);
			dependencies = (
				6267DD491C07A0A90080BF30 /* PBXTargetDependency */,
				6267DD5C1C07ADA10080BF30 /* PBXTargetDependency */,
				6267DD961C07B2490080BF30 /* PBXTargetDependency */,
				62BBE79F1C0ACE59004D6822 /* PBXTargetDependency */,
			);
			name = Meet;
			productName = Meet;
			productReference = 62D3B6B81BF2FAA80056D509 /* Meet.app */;
			productType = "com.apple.product-type.application";
		};
		62D3B6CB1BF2FAA80056D509 /* MeetTests */ = {
			isa = PBXNativeTarget;
			buildConfigurationList = 62D3B6E31BF2FAA80056D509 /* Build configuration list for PBXNativeTarget "MeetTests" */;
			buildPhases = (
				62D3B6C81BF2FAA80056D509 /* Sources */,
				62D3B6C91BF2FAA80056D509 /* Frameworks */,
				62D3B6CA1BF2FAA80056D509 /* Resources */,
			);
			buildRules = (
			);
			dependencies = (
				62D3B6CE1BF2FAA80056D509 /* PBXTargetDependency */,
			);
			name = MeetTests;
			productName = MeetTests;
			productReference = 62D3B6CC1BF2FAA80056D509 /* MeetTests.xctest */;
			productType = "com.apple.product-type.bundle.unit-test";
		};
		62D3B6D61BF2FAA80056D509 /* MeetUITests */ = {
			isa = PBXNativeTarget;
			buildConfigurationList = 62D3B6E61BF2FAA80056D509 /* Build configuration list for PBXNativeTarget "MeetUITests" */;
			buildPhases = (
				62D3B6D31BF2FAA80056D509 /* Sources */,
				62D3B6D41BF2FAA80056D509 /* Frameworks */,
				62D3B6D51BF2FAA80056D509 /* Resources */,
			);
			buildRules = (
			);
			dependencies = (
				62D3B6D91BF2FAA80056D509 /* PBXTargetDependency */,
			);
			name = MeetUITests;
			productName = MeetUITests;
			productReference = 62D3B6D71BF2FAA80056D509 /* MeetUITests.xctest */;
			productType = "com.apple.product-type.bundle.ui-testing";
		};
/* End PBXNativeTarget section */

/* Begin PBXProject section */
		62D3B6B01BF2FAA80056D509 /* Project object */ = {
			isa = PBXProject;
			attributes = {
				LastSwiftUpdateCheck = 0710;
				LastUpgradeCheck = 0710;
				ORGANIZATIONNAME = DigiTales;
				TargetAttributes = {
					6267DD421C07A0A90080BF30 = {
						CreatedOnToolsVersion = 7.1.1;
					};
					6267DD551C07ADA10080BF30 = {
						CreatedOnToolsVersion = 7.1.1;
					};
					6267DD8F1C07B2480080BF30 = {
						CreatedOnToolsVersion = 7.1.1;
					};
					627B05DF1C09700D00481356 = {
						CreatedOnToolsVersion = 7.1.1;
					};
					62BBE7981C0ACE59004D6822 = {
						CreatedOnToolsVersion = 7.1.1;
					};
					62D3B6B71BF2FAA80056D509 = {
						CreatedOnToolsVersion = 7.1;
					};
					62D3B6CB1BF2FAA80056D509 = {
						CreatedOnToolsVersion = 7.1;
						TestTargetID = 62D3B6B71BF2FAA80056D509;
					};
					62D3B6D61BF2FAA80056D509 = {
						CreatedOnToolsVersion = 7.1;
						TestTargetID = 62D3B6B71BF2FAA80056D509;
					};
				};
			};
			buildConfigurationList = 62D3B6B31BF2FAA80056D509 /* Build configuration list for PBXProject "Meet" */;
			compatibilityVersion = "Xcode 3.2";
			developmentRegion = English;
			hasScannedForEncodings = 0;
			knownRegions = (
				en,
				Base,
			);
			mainGroup = 62D3B6AF1BF2FAA80056D509;
			productRefGroup = 62D3B6B91BF2FAA80056D509 /* Products */;
			projectDirPath = "";
			projectReferences = (
				{
					ProductGroup = 628B30861C0B9BB300E2213D /* Products */;
					ProjectRef = 628B30851C0B9BB300E2213D /* ListKit.xcodeproj */;
				},
				{
					ProductGroup = 6292BEAD1C0B9E0D00CC1B8E /* Products */;
					ProjectRef = 6292BEAC1C0B9E0D00CC1B8E /* ReactiveCocoa.xcodeproj */;
				},
				{
					ProductGroup = 628B30951C0B9BBE00E2213D /* Products */;
					ProjectRef = 628B30941C0B9BBE00E2213D /* Result.xcodeproj */;
				},
				{
					ProductGroup = 628B30B01C0B9BCB00E2213D /* Products */;
					ProjectRef = 628B30AF1C0B9BCB00E2213D /* SDWebImage.xcodeproj */;
				},
				{
					ProductGroup = 628B30C01C0B9BDB00E2213D /* Products */;
					ProjectRef = 628B30BF1C0B9BDB00E2213D /* SSKeychain.xcodeproj */;
				},
				{
					ProductGroup = 628B30CF1C0B9BE500E2213D /* Products */;
					ProjectRef = 628B30CE1C0B9BE500E2213D /* Swifter.xcodeproj */;
				},
				{
					ProductGroup = 628B30DE1C0B9BEF00E2213D /* Products */;
					ProjectRef = 628B30DD1C0B9BEF00E2213D /* Unbox.xcodeproj */;
				},
			);
			projectRoot = "";
			targets = (
				62D3B6B71BF2FAA80056D509 /* Meet */,
				62D3B6CB1BF2FAA80056D509 /* MeetTests */,
				62D3B6D61BF2FAA80056D509 /* MeetUITests */,
				6267DD421C07A0A90080BF30 /* SwiftFlowRouter */,
				6267DD551C07ADA10080BF30 /* SwiftFlow */,
				6267DD8F1C07B2480080BF30 /* SwiftFlowReactiveCocoaExtensions */,
				627B05DF1C09700D00481356 /* SwiftFlowTests */,
				62BBE7981C0ACE59004D6822 /* SwiftFlowPersistenceNSCoding */,
			);
		};
/* End PBXProject section */

/* Begin PBXReferenceProxy section */
		628B308D1C0B9BB300E2213D /* ListKitDemo.app */ = {
			isa = PBXReferenceProxy;
			fileType = wrapper.application;
			path = ListKitDemo.app;
			remoteRef = 628B308C1C0B9BB300E2213D /* PBXContainerItemProxy */;
			sourceTree = BUILT_PRODUCTS_DIR;
		};
		628B308F1C0B9BB300E2213D /* ListKit.xctest */ = {
			isa = PBXReferenceProxy;
			fileType = wrapper.cfbundle;
			path = ListKit.xctest;
			remoteRef = 628B308E1C0B9BB300E2213D /* PBXContainerItemProxy */;
			sourceTree = BUILT_PRODUCTS_DIR;
		};
		628B30911C0B9BB300E2213D /* ListKit.framework */ = {
			isa = PBXReferenceProxy;
			fileType = wrapper.framework;
			path = ListKit.framework;
			remoteRef = 628B30901C0B9BB300E2213D /* PBXContainerItemProxy */;
			sourceTree = BUILT_PRODUCTS_DIR;
		};
		628B30931C0B9BB300E2213D /* ListKitTests.xctest */ = {
			isa = PBXReferenceProxy;
			fileType = wrapper.cfbundle;
			path = ListKitTests.xctest;
			remoteRef = 628B30921C0B9BB300E2213D /* PBXContainerItemProxy */;
			sourceTree = BUILT_PRODUCTS_DIR;
		};
		628B30A01C0B9BBE00E2213D /* Result.framework */ = {
			isa = PBXReferenceProxy;
			fileType = wrapper.framework;
			path = Result.framework;
			remoteRef = 628B309F1C0B9BBE00E2213D /* PBXContainerItemProxy */;
			sourceTree = BUILT_PRODUCTS_DIR;
		};
		628B30A21C0B9BBE00E2213D /* Result-MacTests.xctest */ = {
			isa = PBXReferenceProxy;
			fileType = wrapper.cfbundle;
			path = "Result-MacTests.xctest";
			remoteRef = 628B30A11C0B9BBE00E2213D /* PBXContainerItemProxy */;
			sourceTree = BUILT_PRODUCTS_DIR;
		};
		628B30A41C0B9BBE00E2213D /* Result.framework */ = {
			isa = PBXReferenceProxy;
			fileType = wrapper.framework;
			path = Result.framework;
			remoteRef = 628B30A31C0B9BBE00E2213D /* PBXContainerItemProxy */;
			sourceTree = BUILT_PRODUCTS_DIR;
		};
		628B30A61C0B9BBE00E2213D /* Result-iOSTests.xctest */ = {
			isa = PBXReferenceProxy;
			fileType = wrapper.cfbundle;
			path = "Result-iOSTests.xctest";
			remoteRef = 628B30A51C0B9BBE00E2213D /* PBXContainerItemProxy */;
			sourceTree = BUILT_PRODUCTS_DIR;
		};
		628B30A81C0B9BBE00E2213D /* Result.framework */ = {
			isa = PBXReferenceProxy;
			fileType = wrapper.framework;
			path = Result.framework;
			remoteRef = 628B30A71C0B9BBE00E2213D /* PBXContainerItemProxy */;
			sourceTree = BUILT_PRODUCTS_DIR;
		};
		628B30AA1C0B9BBE00E2213D /* Result-tvOSTests.xctest */ = {
			isa = PBXReferenceProxy;
			fileType = wrapper.cfbundle;
			path = "Result-tvOSTests.xctest";
			remoteRef = 628B30A91C0B9BBE00E2213D /* PBXContainerItemProxy */;
			sourceTree = BUILT_PRODUCTS_DIR;
		};
		628B30AC1C0B9BBE00E2213D /* Result.framework */ = {
			isa = PBXReferenceProxy;
			fileType = wrapper.framework;
			path = Result.framework;
			remoteRef = 628B30AB1C0B9BBE00E2213D /* PBXContainerItemProxy */;
			sourceTree = BUILT_PRODUCTS_DIR;
		};
		628B30AE1C0B9BBE00E2213D /* Result-watchOSTests.xctest */ = {
			isa = PBXReferenceProxy;
			fileType = wrapper.cfbundle;
			path = "Result-watchOSTests.xctest";
			remoteRef = 628B30AD1C0B9BBE00E2213D /* PBXContainerItemProxy */;
			sourceTree = BUILT_PRODUCTS_DIR;
		};
		628B30B81C0B9BCB00E2213D /* libSDWebImage.a */ = {
			isa = PBXReferenceProxy;
			fileType = archive.ar;
			path = libSDWebImage.a;
			remoteRef = 628B30B71C0B9BCB00E2213D /* PBXContainerItemProxy */;
			sourceTree = BUILT_PRODUCTS_DIR;
		};
		628B30BA1C0B9BCB00E2213D /* libSDWebImage+WebP.a */ = {
			isa = PBXReferenceProxy;
			fileType = archive.ar;
			path = "libSDWebImage+WebP.a";
			remoteRef = 628B30B91C0B9BCB00E2213D /* PBXContainerItemProxy */;
			sourceTree = BUILT_PRODUCTS_DIR;
		};
		628B30BC1C0B9BCB00E2213D /* libSDWebImage+MKAnnotation.a */ = {
			isa = PBXReferenceProxy;
			fileType = archive.ar;
			path = "libSDWebImage+MKAnnotation.a";
			remoteRef = 628B30BB1C0B9BCB00E2213D /* PBXContainerItemProxy */;
			sourceTree = BUILT_PRODUCTS_DIR;
		};
		628B30BE1C0B9BCB00E2213D /* WebImage.framework */ = {
			isa = PBXReferenceProxy;
			fileType = wrapper.framework;
			path = WebImage.framework;
			remoteRef = 628B30BD1C0B9BCB00E2213D /* PBXContainerItemProxy */;
			sourceTree = BUILT_PRODUCTS_DIR;
		};
		628B30C71C0B9BDB00E2213D /* SSKeychain.framework */ = {
			isa = PBXReferenceProxy;
			fileType = wrapper.framework;
			path = SSKeychain.framework;
			remoteRef = 628B30C61C0B9BDB00E2213D /* PBXContainerItemProxy */;
			sourceTree = BUILT_PRODUCTS_DIR;
		};
		628B30C91C0B9BDB00E2213D /* SSKeychain iOS Tests.xctest */ = {
			isa = PBXReferenceProxy;
			fileType = wrapper.cfbundle;
			path = "SSKeychain iOS Tests.xctest";
			remoteRef = 628B30C81C0B9BDB00E2213D /* PBXContainerItemProxy */;
			sourceTree = BUILT_PRODUCTS_DIR;
		};
		628B30CB1C0B9BDB00E2213D /* SSKeychain.framework */ = {
			isa = PBXReferenceProxy;
			fileType = wrapper.framework;
			path = SSKeychain.framework;
			remoteRef = 628B30CA1C0B9BDB00E2213D /* PBXContainerItemProxy */;
			sourceTree = BUILT_PRODUCTS_DIR;
		};
		628B30CD1C0B9BDB00E2213D /* SSKeychain Mac Tests.xctest */ = {
			isa = PBXReferenceProxy;
			fileType = wrapper.cfbundle;
			path = "SSKeychain Mac Tests.xctest";
			remoteRef = 628B30CC1C0B9BDB00E2213D /* PBXContainerItemProxy */;
			sourceTree = BUILT_PRODUCTS_DIR;
		};
		628B30D61C0B9BE500E2213D /* SwifterDemoiOS.app */ = {
			isa = PBXReferenceProxy;
			fileType = wrapper.application;
			path = SwifterDemoiOS.app;
			remoteRef = 628B30D51C0B9BE500E2213D /* PBXContainerItemProxy */;
			sourceTree = BUILT_PRODUCTS_DIR;
		};
		628B30D81C0B9BE500E2213D /* SwifteriOS.framework */ = {
			isa = PBXReferenceProxy;
			fileType = wrapper.framework;
			path = SwifteriOS.framework;
			remoteRef = 628B30D71C0B9BE500E2213D /* PBXContainerItemProxy */;
			sourceTree = BUILT_PRODUCTS_DIR;
		};
		628B30DA1C0B9BE500E2213D /* SwifterMac.framework */ = {
			isa = PBXReferenceProxy;
			fileType = wrapper.framework;
			path = SwifterMac.framework;
			remoteRef = 628B30D91C0B9BE500E2213D /* PBXContainerItemProxy */;
			sourceTree = BUILT_PRODUCTS_DIR;
		};
		628B30DC1C0B9BE500E2213D /* SwifterDemoMac.app */ = {
			isa = PBXReferenceProxy;
			fileType = wrapper.application;
			path = SwifterDemoMac.app;
			remoteRef = 628B30DB1C0B9BE500E2213D /* PBXContainerItemProxy */;
			sourceTree = BUILT_PRODUCTS_DIR;
		};
		628B30E61C0B9BEF00E2213D /* Unbox.framework */ = {
			isa = PBXReferenceProxy;
			fileType = wrapper.framework;
			path = Unbox.framework;
			remoteRef = 628B30E51C0B9BEF00E2213D /* PBXContainerItemProxy */;
			sourceTree = BUILT_PRODUCTS_DIR;
		};
		628B30E81C0B9BEF00E2213D /* Unbox.framework */ = {
			isa = PBXReferenceProxy;
			fileType = wrapper.framework;
			path = Unbox.framework;
			remoteRef = 628B30E71C0B9BEF00E2213D /* PBXContainerItemProxy */;
			sourceTree = BUILT_PRODUCTS_DIR;
		};
		628B30EA1C0B9BEF00E2213D /* Unbox.framework */ = {
			isa = PBXReferenceProxy;
			fileType = wrapper.framework;
			path = Unbox.framework;
			remoteRef = 628B30E91C0B9BEF00E2213D /* PBXContainerItemProxy */;
			sourceTree = BUILT_PRODUCTS_DIR;
		};
		628B30EC1C0B9BEF00E2213D /* Unbox.framework */ = {
			isa = PBXReferenceProxy;
			fileType = wrapper.framework;
			path = Unbox.framework;
			remoteRef = 628B30EB1C0B9BEF00E2213D /* PBXContainerItemProxy */;
			sourceTree = BUILT_PRODUCTS_DIR;
		};
		628B30EE1C0B9BEF00E2213D /* UnboxTests.xctest */ = {
			isa = PBXReferenceProxy;
			fileType = wrapper.cfbundle;
			path = UnboxTests.xctest;
			remoteRef = 628B30ED1C0B9BEF00E2213D /* PBXContainerItemProxy */;
			sourceTree = BUILT_PRODUCTS_DIR;
		};
		6292BEB61C0B9E0D00CC1B8E /* ReactiveCocoa.framework */ = {
			isa = PBXReferenceProxy;
			fileType = wrapper.framework;
			path = ReactiveCocoa.framework;
			remoteRef = 6292BEB51C0B9E0D00CC1B8E /* PBXContainerItemProxy */;
			sourceTree = BUILT_PRODUCTS_DIR;
		};
		6292BEB81C0B9E0D00CC1B8E /* ReactiveCocoaTests.xctest */ = {
			isa = PBXReferenceProxy;
			fileType = wrapper.cfbundle;
			path = ReactiveCocoaTests.xctest;
			remoteRef = 6292BEB71C0B9E0D00CC1B8E /* PBXContainerItemProxy */;
			sourceTree = BUILT_PRODUCTS_DIR;
		};
		6292BEBA1C0B9E0D00CC1B8E /* ReactiveCocoa.framework */ = {
			isa = PBXReferenceProxy;
			fileType = wrapper.framework;
			path = ReactiveCocoa.framework;
			remoteRef = 6292BEB91C0B9E0D00CC1B8E /* PBXContainerItemProxy */;
			sourceTree = BUILT_PRODUCTS_DIR;
		};
		6292BEBC1C0B9E0D00CC1B8E /* ReactiveCocoaTests.xctest */ = {
			isa = PBXReferenceProxy;
			fileType = wrapper.cfbundle;
			path = ReactiveCocoaTests.xctest;
			remoteRef = 6292BEBB1C0B9E0D00CC1B8E /* PBXContainerItemProxy */;
			sourceTree = BUILT_PRODUCTS_DIR;
		};
		6292BEBE1C0B9E0D00CC1B8E /* ReactiveCocoa.framework */ = {
			isa = PBXReferenceProxy;
			fileType = wrapper.framework;
			path = ReactiveCocoa.framework;
			remoteRef = 6292BEBD1C0B9E0D00CC1B8E /* PBXContainerItemProxy */;
			sourceTree = BUILT_PRODUCTS_DIR;
		};
		6292BEC01C0B9E0D00CC1B8E /* ReactiveCocoa.framework */ = {
			isa = PBXReferenceProxy;
			fileType = wrapper.framework;
			path = ReactiveCocoa.framework;
			remoteRef = 6292BEBF1C0B9E0D00CC1B8E /* PBXContainerItemProxy */;
			sourceTree = BUILT_PRODUCTS_DIR;
		};
/* End PBXReferenceProxy section */

/* Begin PBXResourcesBuildPhase section */
		6267DD411C07A0A90080BF30 /* Resources */ = {
			isa = PBXResourcesBuildPhase;
			buildActionMask = 2147483647;
			files = (
			);
			runOnlyForDeploymentPostprocessing = 0;
		};
		6267DD541C07ADA10080BF30 /* Resources */ = {
			isa = PBXResourcesBuildPhase;
			buildActionMask = 2147483647;
			files = (
			);
			runOnlyForDeploymentPostprocessing = 0;
		};
		6267DD8E1C07B2480080BF30 /* Resources */ = {
			isa = PBXResourcesBuildPhase;
			buildActionMask = 2147483647;
			files = (
			);
			runOnlyForDeploymentPostprocessing = 0;
		};
		627B05DE1C09700D00481356 /* Resources */ = {
			isa = PBXResourcesBuildPhase;
			buildActionMask = 2147483647;
			files = (
			);
			runOnlyForDeploymentPostprocessing = 0;
		};
		62BBE7971C0ACE59004D6822 /* Resources */ = {
			isa = PBXResourcesBuildPhase;
			buildActionMask = 2147483647;
			files = (
			);
			runOnlyForDeploymentPostprocessing = 0;
		};
		62D3B6B61BF2FAA80056D509 /* Resources */ = {
			isa = PBXResourcesBuildPhase;
			buildActionMask = 2147483647;
			files = (
				62D3B6C61BF2FAA80056D509 /* LaunchScreen.storyboard in Resources */,
				62D492841C02D2C000607938 /* TwitterUserTableViewCell.xib in Resources */,
				6292BEC41C0BAA4100CC1B8E /* TwitterSearchErrorTableViewCell.xib in Resources */,
				6292BECC1C0BB27E00CC1B8E /* NetworkErrorView.xib in Resources */,
				62D3B6C31BF2FAA80056D509 /* Assets.xcassets in Resources */,
				626DA4571C000FAE00988FC0 /* TwitterKeys.plist in Resources */,
				62D3B6C11BF2FAA80056D509 /* Main.storyboard in Resources */,
			);
			runOnlyForDeploymentPostprocessing = 0;
		};
		62D3B6CA1BF2FAA80056D509 /* Resources */ = {
			isa = PBXResourcesBuildPhase;
			buildActionMask = 2147483647;
			files = (
			);
			runOnlyForDeploymentPostprocessing = 0;
		};
		62D3B6D51BF2FAA80056D509 /* Resources */ = {
			isa = PBXResourcesBuildPhase;
			buildActionMask = 2147483647;
			files = (
			);
			runOnlyForDeploymentPostprocessing = 0;
		};
/* End PBXResourcesBuildPhase section */

/* Begin PBXShellScriptBuildPhase section */
		627B05EC1C0971E000481356 /* ShellScript */ = {
			isa = PBXShellScriptBuildPhase;
			buildActionMask = 2147483647;
			files = (
			);
			inputPaths = (
				"$(SRCROOT)/Carthage/Build/iOS/ReactiveCocoa.framework",
				"$(SRCROOT)/Carthage/Build/iOS/Result.framework",
			);
			outputPaths = (
			);
			runOnlyForDeploymentPostprocessing = 0;
			shellPath = /bin/sh;
			shellScript = "/usr/local/bin/carthage copy-frameworks";
		};
/* End PBXShellScriptBuildPhase section */

/* Begin PBXSourcesBuildPhase section */
		6267DD3E1C07A0A90080BF30 /* Sources */ = {
			isa = PBXSourcesBuildPhase;
			buildActionMask = 2147483647;
			files = (
				62E58D241C0AF44900FE505E /* NavigationReducer.swift in Sources */,
				629E0BE71C09322E0065D495 /* NavigationActions.swift in Sources */,
				62E58D231C0AF44900FE505E /* Router.swift in Sources */,
				62E58D221C0AF44900FE505E /* NavigationState.swift in Sources */,
			);
			runOnlyForDeploymentPostprocessing = 0;
		};
		6267DD511C07ADA10080BF30 /* Sources */ = {
			isa = PBXSourcesBuildPhase;
			buildActionMask = 2147483647;
			files = (
				62BBE78F1C0A6FA3004D6822 /* Store.swift in Sources */,
				62E58D261C0AF45500FE505E /* MainStore.swift in Sources */,
				629E0BF11C0951900065D495 /* Types.swift in Sources */,
				629E0BEF1C0951760065D495 /* TypeHelper.swift in Sources */,
				629E0BF21C09555D0065D495 /* MainReducer.swift in Sources */,
			);
			runOnlyForDeploymentPostprocessing = 0;
		};
		6267DD8B1C07B2480080BF30 /* Sources */ = {
			isa = PBXSourcesBuildPhase;
			buildActionMask = 2147483647;
			files = (
				62FF6BD41C0B94CF003CF5A8 /* MainStoreReactiveCocoa.swift in Sources */,
			);
			runOnlyForDeploymentPostprocessing = 0;
		};
		627B05DC1C09700D00481356 /* Sources */ = {
			isa = PBXSourcesBuildPhase;
			buildActionMask = 2147483647;
			files = (
				62BBE7931C0ABB3A004D6822 /* StoreTests.swift in Sources */,
			);
			runOnlyForDeploymentPostprocessing = 0;
		};
		62BBE7941C0ACE59004D6822 /* Sources */ = {
			isa = PBXSourcesBuildPhase;
			buildActionMask = 2147483647;
			files = (
				62E58D281C0AF46400FE505E /* PersistenceAdapter.swift in Sources */,
			);
			runOnlyForDeploymentPostprocessing = 0;
		};
		62D3B6B41BF2FAA80056D509 /* Sources */ = {
			isa = PBXSourcesBuildPhase;
			buildActionMask = 2147483647;
			files = (
				62D492861C02D2E400607938 /* TwitterUserTableViewCell.swift in Sources */,
				62D3B6EB1BF3A9870056D509 /* AppState.swift in Sources */,
				626DA4531BFFEE6400988FC0 /* TwitterAPIState.swift in Sources */,
				626DA44F1BFFE44400988FC0 /* Authentication.swift in Sources */,
				626DA4351BFE9E1C00988FC0 /* DataState.swift in Sources */,
				626DA4331BFE9DA400988FC0 /* DataMutationReducer.swift in Sources */,
				62CCBA571C058A5200B4F000 /* Contact+Coding.swift in Sources */,
				626DA4311BFE94BC00988FC0 /* Model.swift in Sources */,
				626DA42D1BFE8CC700988FC0 /* Contact.swift in Sources */,
				626DA4511BFFEDBE00988FC0 /* TwitterAPIActionCreator.swift in Sources */,
				62D4927E1C02C1B200607938 /* TwitterUser.swift in Sources */,
				62D3B7061BF457C40056D509 /* SearchTwitterViewController.swift in Sources */,
				626DA4551BFFEF5B00988FC0 /* TwitterAPIReducer.swift in Sources */,
				62D3B7001BF446310056D509 /* Actions.swift in Sources */,
				62D3B6FA1BF3B73A0056D509 /* AddContactViewController.swift in Sources */,
				62D3B6F81BF3B72E0056D509 /* ContactListViewController.swift in Sources */,
				6292BED01C0BB78100CC1B8E /* NetworkErrorView.swift in Sources */,
				626DA44A1BFFE06C00988FC0 /* TwitterClient.swift in Sources */,
				62D3B6BC1BF2FAA80056D509 /* AppDelegate.swift in Sources */,
				62D3B7301BFC58430056D509 /* EmaiIIntroViewController.swift in Sources */,
			);
			runOnlyForDeploymentPostprocessing = 0;
		};
		62D3B6C81BF2FAA80056D509 /* Sources */ = {
			isa = PBXSourcesBuildPhase;
			buildActionMask = 2147483647;
			files = (
				62F43A831C022FCD0067E132 /* AppDelegateTests.swift in Sources */,
				62D3B6D11BF2FAA80056D509 /* MeetTests.swift in Sources */,
			);
			runOnlyForDeploymentPostprocessing = 0;
		};
		62D3B6D31BF2FAA80056D509 /* Sources */ = {
			isa = PBXSourcesBuildPhase;
			buildActionMask = 2147483647;
			files = (
				62D3B6DC1BF2FAA80056D509 /* MeetUITests.swift in Sources */,
			);
			runOnlyForDeploymentPostprocessing = 0;
		};
/* End PBXSourcesBuildPhase section */

/* Begin PBXTargetDependency section */
		6267DD491C07A0A90080BF30 /* PBXTargetDependency */ = {
			isa = PBXTargetDependency;
			target = 6267DD421C07A0A90080BF30 /* SwiftFlowRouter */;
			targetProxy = 6267DD481C07A0A90080BF30 /* PBXContainerItemProxy */;
		};
		6267DD5C1C07ADA10080BF30 /* PBXTargetDependency */ = {
			isa = PBXTargetDependency;
			target = 6267DD551C07ADA10080BF30 /* SwiftFlow */;
			targetProxy = 6267DD5B1C07ADA10080BF30 /* PBXContainerItemProxy */;
		};
		6267DD961C07B2490080BF30 /* PBXTargetDependency */ = {
			isa = PBXTargetDependency;
			target = 6267DD8F1C07B2480080BF30 /* SwiftFlowReactiveCocoaExtensions */;
			targetProxy = 6267DD951C07B2490080BF30 /* PBXContainerItemProxy */;
		};
		627B05E71C09700D00481356 /* PBXTargetDependency */ = {
			isa = PBXTargetDependency;
			target = 6267DD551C07ADA10080BF30 /* SwiftFlow */;
			targetProxy = 627B05E61C09700D00481356 /* PBXContainerItemProxy */;
		};
		6292BED51C0BC40F00CC1B8E /* PBXTargetDependency */ = {
			isa = PBXTargetDependency;
			target = 6267DD551C07ADA10080BF30 /* SwiftFlow */;
			targetProxy = 6292BED41C0BC40F00CC1B8E /* PBXContainerItemProxy */;
		};
		6292BED71C0BC41A00CC1B8E /* PBXTargetDependency */ = {
			isa = PBXTargetDependency;
			target = 6267DD551C07ADA10080BF30 /* SwiftFlow */;
			targetProxy = 6292BED61C0BC41A00CC1B8E /* PBXContainerItemProxy */;
		};
		6292BED91C0BC41F00CC1B8E /* PBXTargetDependency */ = {
			isa = PBXTargetDependency;
			target = 6267DD551C07ADA10080BF30 /* SwiftFlow */;
			targetProxy = 6292BED81C0BC41F00CC1B8E /* PBXContainerItemProxy */;
		};
		62BBE79F1C0ACE59004D6822 /* PBXTargetDependency */ = {
			isa = PBXTargetDependency;
			target = 62BBE7981C0ACE59004D6822 /* SwiftFlowPersistenceNSCoding */;
			targetProxy = 62BBE79E1C0ACE59004D6822 /* PBXContainerItemProxy */;
		};
		62D3B6CE1BF2FAA80056D509 /* PBXTargetDependency */ = {
			isa = PBXTargetDependency;
			target = 62D3B6B71BF2FAA80056D509 /* Meet */;
			targetProxy = 62D3B6CD1BF2FAA80056D509 /* PBXContainerItemProxy */;
		};
		62D3B6D91BF2FAA80056D509 /* PBXTargetDependency */ = {
			isa = PBXTargetDependency;
			target = 62D3B6B71BF2FAA80056D509 /* Meet */;
			targetProxy = 62D3B6D81BF2FAA80056D509 /* PBXContainerItemProxy */;
		};
/* End PBXTargetDependency section */

/* Begin PBXVariantGroup section */
		62D3B6BF1BF2FAA80056D509 /* Main.storyboard */ = {
			isa = PBXVariantGroup;
			children = (
				62D3B6C01BF2FAA80056D509 /* Base */,
			);
			name = Main.storyboard;
			sourceTree = "<group>";
		};
		62D3B6C41BF2FAA80056D509 /* LaunchScreen.storyboard */ = {
			isa = PBXVariantGroup;
			children = (
				62D3B6C51BF2FAA80056D509 /* Base */,
			);
			name = LaunchScreen.storyboard;
			sourceTree = "<group>";
		};
/* End PBXVariantGroup section */

/* Begin XCBuildConfiguration section */
		6267DD4C1C07A0AA0080BF30 /* Debug */ = {
			isa = XCBuildConfiguration;
			buildSettings = {
				CURRENT_PROJECT_VERSION = 1;
				DEFINES_MODULE = YES;
				DYLIB_COMPATIBILITY_VERSION = 1;
				DYLIB_CURRENT_VERSION = 1;
				DYLIB_INSTALL_NAME_BASE = "@rpath";
				FRAMEWORK_SEARCH_PATHS = (
					"$(inherited)",
					"$(PROJECT_DIR)/Carthage/Build/iOS",
				);
				INFOPLIST_FILE = SwiftFlowRouter/Info.plist;
				INSTALL_PATH = "$(LOCAL_LIBRARY_DIR)/Frameworks";
				LD_RUNPATH_SEARCH_PATHS = "$(inherited) @executable_path/Frameworks @loader_path/Frameworks";
				PRODUCT_BUNDLE_IDENTIFIER = "de.benjamin-encz.SwiftFlowRouter";
				PRODUCT_NAME = "$(TARGET_NAME)";
				SKIP_INSTALL = YES;
				VERSIONING_SYSTEM = "apple-generic";
				VERSION_INFO_PREFIX = "";
			};
			name = Debug;
		};
		6267DD4D1C07A0AA0080BF30 /* Release */ = {
			isa = XCBuildConfiguration;
			buildSettings = {
				CURRENT_PROJECT_VERSION = 1;
				DEFINES_MODULE = YES;
				DYLIB_COMPATIBILITY_VERSION = 1;
				DYLIB_CURRENT_VERSION = 1;
				DYLIB_INSTALL_NAME_BASE = "@rpath";
				FRAMEWORK_SEARCH_PATHS = (
					"$(inherited)",
					"$(PROJECT_DIR)/Carthage/Build/iOS",
				);
				INFOPLIST_FILE = SwiftFlowRouter/Info.plist;
				INSTALL_PATH = "$(LOCAL_LIBRARY_DIR)/Frameworks";
				LD_RUNPATH_SEARCH_PATHS = "$(inherited) @executable_path/Frameworks @loader_path/Frameworks";
				PRODUCT_BUNDLE_IDENTIFIER = "de.benjamin-encz.SwiftFlowRouter";
				PRODUCT_NAME = "$(TARGET_NAME)";
				SKIP_INSTALL = YES;
				VERSIONING_SYSTEM = "apple-generic";
				VERSION_INFO_PREFIX = "";
			};
			name = Release;
		};
		6267DD601C07ADA10080BF30 /* Debug */ = {
			isa = XCBuildConfiguration;
			buildSettings = {
				CURRENT_PROJECT_VERSION = 1;
				DEFINES_MODULE = YES;
				DYLIB_COMPATIBILITY_VERSION = 1;
				DYLIB_CURRENT_VERSION = 1;
				DYLIB_INSTALL_NAME_BASE = "@rpath";
				FRAMEWORK_SEARCH_PATHS = (
					"$(inherited)",
					"$(PROJECT_DIR)/Carthage/Build/iOS",
				);
				INFOPLIST_FILE = SwiftFlow/Info.plist;
				INSTALL_PATH = "$(LOCAL_LIBRARY_DIR)/Frameworks";
				LD_RUNPATH_SEARCH_PATHS = "$(inherited) @executable_path/Frameworks @loader_path/Frameworks";
				PRODUCT_BUNDLE_IDENTIFIER = "de.benjamin-encz.SwiftFlow";
				PRODUCT_NAME = "$(TARGET_NAME)";
				SKIP_INSTALL = YES;
				VERSIONING_SYSTEM = "apple-generic";
				VERSION_INFO_PREFIX = "";
			};
			name = Debug;
		};
		6267DD611C07ADA10080BF30 /* Release */ = {
			isa = XCBuildConfiguration;
			buildSettings = {
				CURRENT_PROJECT_VERSION = 1;
				DEFINES_MODULE = YES;
				DYLIB_COMPATIBILITY_VERSION = 1;
				DYLIB_CURRENT_VERSION = 1;
				DYLIB_INSTALL_NAME_BASE = "@rpath";
				FRAMEWORK_SEARCH_PATHS = (
					"$(inherited)",
					"$(PROJECT_DIR)/Carthage/Build/iOS",
				);
				INFOPLIST_FILE = SwiftFlow/Info.plist;
				INSTALL_PATH = "$(LOCAL_LIBRARY_DIR)/Frameworks";
				LD_RUNPATH_SEARCH_PATHS = "$(inherited) @executable_path/Frameworks @loader_path/Frameworks";
				PRODUCT_BUNDLE_IDENTIFIER = "de.benjamin-encz.SwiftFlow";
				PRODUCT_NAME = "$(TARGET_NAME)";
				SKIP_INSTALL = YES;
				VERSIONING_SYSTEM = "apple-generic";
				VERSION_INFO_PREFIX = "";
			};
			name = Release;
		};
		6267DD9A1C07B2490080BF30 /* Debug */ = {
			isa = XCBuildConfiguration;
			buildSettings = {
				CLANG_ENABLE_MODULES = YES;
				CURRENT_PROJECT_VERSION = 1;
				DEFINES_MODULE = YES;
				DYLIB_COMPATIBILITY_VERSION = 1;
				DYLIB_CURRENT_VERSION = 1;
				DYLIB_INSTALL_NAME_BASE = "@rpath";
				FRAMEWORK_SEARCH_PATHS = (
					"$(inherited)",
					"$(PROJECT_DIR)/Carthage/Build/iOS",
				);
				INFOPLIST_FILE = SwiftFlowReactiveCocoaExtensions/Info.plist;
				INSTALL_PATH = "$(LOCAL_LIBRARY_DIR)/Frameworks";
				LD_RUNPATH_SEARCH_PATHS = "$(inherited) @executable_path/Frameworks @loader_path/Frameworks";
				PRODUCT_BUNDLE_IDENTIFIER = "de.benjamin-encz.SwiftFlowReactiveCocoaExtensions";
				PRODUCT_NAME = "$(TARGET_NAME)";
				SKIP_INSTALL = YES;
				SWIFT_OPTIMIZATION_LEVEL = "-Onone";
				VERSIONING_SYSTEM = "apple-generic";
				VERSION_INFO_PREFIX = "";
			};
			name = Debug;
		};
		6267DD9B1C07B2490080BF30 /* Release */ = {
			isa = XCBuildConfiguration;
			buildSettings = {
				CLANG_ENABLE_MODULES = YES;
				CURRENT_PROJECT_VERSION = 1;
				DEFINES_MODULE = YES;
				DYLIB_COMPATIBILITY_VERSION = 1;
				DYLIB_CURRENT_VERSION = 1;
				DYLIB_INSTALL_NAME_BASE = "@rpath";
				FRAMEWORK_SEARCH_PATHS = (
					"$(inherited)",
					"$(PROJECT_DIR)/Carthage/Build/iOS",
				);
				INFOPLIST_FILE = SwiftFlowReactiveCocoaExtensions/Info.plist;
				INSTALL_PATH = "$(LOCAL_LIBRARY_DIR)/Frameworks";
				LD_RUNPATH_SEARCH_PATHS = "$(inherited) @executable_path/Frameworks @loader_path/Frameworks";
				PRODUCT_BUNDLE_IDENTIFIER = "de.benjamin-encz.SwiftFlowReactiveCocoaExtensions";
				PRODUCT_NAME = "$(TARGET_NAME)";
				SKIP_INSTALL = YES;
				VERSIONING_SYSTEM = "apple-generic";
				VERSION_INFO_PREFIX = "";
			};
			name = Release;
		};
		627B05E91C09700D00481356 /* Debug */ = {
			isa = XCBuildConfiguration;
			buildSettings = {
				FRAMEWORK_SEARCH_PATHS = (
					"$(inherited)",
					"$(PROJECT_DIR)/Carthage/Build/iOS",
				);
				INFOPLIST_FILE = SwiftFlowTests/Info.plist;
				LD_RUNPATH_SEARCH_PATHS = "$(inherited) @executable_path/Frameworks @loader_path/Frameworks";
				PRODUCT_BUNDLE_IDENTIFIER = "de.benjamin-encz.SwiftFlowTests";
				PRODUCT_NAME = "$(TARGET_NAME)";
			};
			name = Debug;
		};
		627B05EA1C09700D00481356 /* Release */ = {
			isa = XCBuildConfiguration;
			buildSettings = {
				FRAMEWORK_SEARCH_PATHS = (
					"$(inherited)",
					"$(PROJECT_DIR)/Carthage/Build/iOS",
				);
				INFOPLIST_FILE = SwiftFlowTests/Info.plist;
				LD_RUNPATH_SEARCH_PATHS = "$(inherited) @executable_path/Frameworks @loader_path/Frameworks";
				PRODUCT_BUNDLE_IDENTIFIER = "de.benjamin-encz.SwiftFlowTests";
				PRODUCT_NAME = "$(TARGET_NAME)";
			};
			name = Release;
		};
		62BBE7A31C0ACE5A004D6822 /* Debug */ = {
			isa = XCBuildConfiguration;
			buildSettings = {
				CLANG_ENABLE_MODULES = YES;
				CURRENT_PROJECT_VERSION = 1;
				DEFINES_MODULE = YES;
				DYLIB_COMPATIBILITY_VERSION = 1;
				DYLIB_CURRENT_VERSION = 1;
				DYLIB_INSTALL_NAME_BASE = "@rpath";
				INFOPLIST_FILE = SwiftFlowPersistenceNSCoding/Info.plist;
				INSTALL_PATH = "$(LOCAL_LIBRARY_DIR)/Frameworks";
				LD_RUNPATH_SEARCH_PATHS = "$(inherited) @executable_path/Frameworks @loader_path/Frameworks";
				PRODUCT_BUNDLE_IDENTIFIER = "de.benjamin-encz.SwiftFlowPersistenceNSCoding";
				PRODUCT_NAME = "$(TARGET_NAME)";
				SKIP_INSTALL = YES;
				SWIFT_OPTIMIZATION_LEVEL = "-Onone";
				VERSIONING_SYSTEM = "apple-generic";
				VERSION_INFO_PREFIX = "";
			};
			name = Debug;
		};
		62BBE7A41C0ACE5A004D6822 /* Release */ = {
			isa = XCBuildConfiguration;
			buildSettings = {
				CLANG_ENABLE_MODULES = YES;
				CURRENT_PROJECT_VERSION = 1;
				DEFINES_MODULE = YES;
				DYLIB_COMPATIBILITY_VERSION = 1;
				DYLIB_CURRENT_VERSION = 1;
				DYLIB_INSTALL_NAME_BASE = "@rpath";
				INFOPLIST_FILE = SwiftFlowPersistenceNSCoding/Info.plist;
				INSTALL_PATH = "$(LOCAL_LIBRARY_DIR)/Frameworks";
				LD_RUNPATH_SEARCH_PATHS = "$(inherited) @executable_path/Frameworks @loader_path/Frameworks";
				PRODUCT_BUNDLE_IDENTIFIER = "de.benjamin-encz.SwiftFlowPersistenceNSCoding";
				PRODUCT_NAME = "$(TARGET_NAME)";
				SKIP_INSTALL = YES;
				VERSIONING_SYSTEM = "apple-generic";
				VERSION_INFO_PREFIX = "";
			};
			name = Release;
		};
		62D3B6DE1BF2FAA80056D509 /* Debug */ = {
			isa = XCBuildConfiguration;
			buildSettings = {
				ALWAYS_SEARCH_USER_PATHS = NO;
				CLANG_CXX_LANGUAGE_STANDARD = "gnu++0x";
				CLANG_CXX_LIBRARY = "libc++";
				CLANG_ENABLE_MODULES = YES;
				CLANG_ENABLE_OBJC_ARC = YES;
				CLANG_WARN_BOOL_CONVERSION = YES;
				CLANG_WARN_CONSTANT_CONVERSION = YES;
				CLANG_WARN_DIRECT_OBJC_ISA_USAGE = YES_ERROR;
				CLANG_WARN_EMPTY_BODY = YES;
				CLANG_WARN_ENUM_CONVERSION = YES;
				CLANG_WARN_INT_CONVERSION = YES;
				CLANG_WARN_OBJC_ROOT_CLASS = YES_ERROR;
				CLANG_WARN_UNREACHABLE_CODE = YES;
				CLANG_WARN__DUPLICATE_METHOD_MATCH = YES;
				"CODE_SIGN_IDENTITY[sdk=iphoneos*]" = "iPhone Developer";
				COPY_PHASE_STRIP = NO;
				DEBUG_INFORMATION_FORMAT = dwarf;
				ENABLE_STRICT_OBJC_MSGSEND = YES;
				ENABLE_TESTABILITY = YES;
				GCC_C_LANGUAGE_STANDARD = gnu99;
				GCC_DYNAMIC_NO_PIC = NO;
				GCC_NO_COMMON_BLOCKS = YES;
				GCC_OPTIMIZATION_LEVEL = 0;
				GCC_PREPROCESSOR_DEFINITIONS = (
					"DEBUG=1",
					"$(inherited)",
				);
				GCC_WARN_64_TO_32_BIT_CONVERSION = YES;
				GCC_WARN_ABOUT_RETURN_TYPE = YES_ERROR;
				GCC_WARN_UNDECLARED_SELECTOR = YES;
				GCC_WARN_UNINITIALIZED_AUTOS = YES_AGGRESSIVE;
				GCC_WARN_UNUSED_FUNCTION = YES;
				GCC_WARN_UNUSED_VARIABLE = YES;
				IPHONEOS_DEPLOYMENT_TARGET = 9.1;
				MTL_ENABLE_DEBUG_INFO = YES;
				ONLY_ACTIVE_ARCH = YES;
				OTHER_LDFLAGS = "-ObjC";
				SDKROOT = iphoneos;
				SWIFT_OPTIMIZATION_LEVEL = "-Onone";
				TARGETED_DEVICE_FAMILY = "1,2";
			};
			name = Debug;
		};
		62D3B6DF1BF2FAA80056D509 /* Release */ = {
			isa = XCBuildConfiguration;
			buildSettings = {
				ALWAYS_SEARCH_USER_PATHS = NO;
				CLANG_CXX_LANGUAGE_STANDARD = "gnu++0x";
				CLANG_CXX_LIBRARY = "libc++";
				CLANG_ENABLE_MODULES = YES;
				CLANG_ENABLE_OBJC_ARC = YES;
				CLANG_WARN_BOOL_CONVERSION = YES;
				CLANG_WARN_CONSTANT_CONVERSION = YES;
				CLANG_WARN_DIRECT_OBJC_ISA_USAGE = YES_ERROR;
				CLANG_WARN_EMPTY_BODY = YES;
				CLANG_WARN_ENUM_CONVERSION = YES;
				CLANG_WARN_INT_CONVERSION = YES;
				CLANG_WARN_OBJC_ROOT_CLASS = YES_ERROR;
				CLANG_WARN_UNREACHABLE_CODE = YES;
				CLANG_WARN__DUPLICATE_METHOD_MATCH = YES;
				"CODE_SIGN_IDENTITY[sdk=iphoneos*]" = "iPhone Developer";
				COPY_PHASE_STRIP = NO;
				DEBUG_INFORMATION_FORMAT = "dwarf-with-dsym";
				ENABLE_NS_ASSERTIONS = NO;
				ENABLE_STRICT_OBJC_MSGSEND = YES;
				GCC_C_LANGUAGE_STANDARD = gnu99;
				GCC_NO_COMMON_BLOCKS = YES;
				GCC_WARN_64_TO_32_BIT_CONVERSION = YES;
				GCC_WARN_ABOUT_RETURN_TYPE = YES_ERROR;
				GCC_WARN_UNDECLARED_SELECTOR = YES;
				GCC_WARN_UNINITIALIZED_AUTOS = YES_AGGRESSIVE;
				GCC_WARN_UNUSED_FUNCTION = YES;
				GCC_WARN_UNUSED_VARIABLE = YES;
				IPHONEOS_DEPLOYMENT_TARGET = 9.1;
				MTL_ENABLE_DEBUG_INFO = NO;
				OTHER_LDFLAGS = "-ObjC";
				SDKROOT = iphoneos;
				TARGETED_DEVICE_FAMILY = "1,2";
				VALIDATE_PRODUCT = YES;
			};
			name = Release;
		};
		62D3B6E11BF2FAA80056D509 /* Debug */ = {
			isa = XCBuildConfiguration;
			buildSettings = {
				ASSETCATALOG_COMPILER_APPICON_NAME = AppIcon;
				EMBEDDED_CONTENT_CONTAINS_SWIFT = YES;
				FRAMEWORK_SEARCH_PATHS = (
					"$(PROJECT_DIR)/Carthage/Build/iOS/**",
					"$(PROJECT_DIR)/Carthage/Build/iOS",
				);
				INFOPLIST_FILE = Meet/Info.plist;
				LD_RUNPATH_SEARCH_PATHS = "$(inherited) @executable_path/Frameworks";
				PRODUCT_BUNDLE_IDENTIFIER = "net.digi-tales.Meet";
				PRODUCT_NAME = "$(TARGET_NAME)";
			};
			name = Debug;
		};
		62D3B6E21BF2FAA80056D509 /* Release */ = {
			isa = XCBuildConfiguration;
			buildSettings = {
				ASSETCATALOG_COMPILER_APPICON_NAME = AppIcon;
				EMBEDDED_CONTENT_CONTAINS_SWIFT = YES;
				FRAMEWORK_SEARCH_PATHS = (
					"$(PROJECT_DIR)/Carthage/Build/iOS/**",
					"$(PROJECT_DIR)/Carthage/Build/iOS",
				);
				INFOPLIST_FILE = Meet/Info.plist;
				LD_RUNPATH_SEARCH_PATHS = "$(inherited) @executable_path/Frameworks";
				PRODUCT_BUNDLE_IDENTIFIER = "net.digi-tales.Meet";
				PRODUCT_NAME = "$(TARGET_NAME)";
			};
			name = Release;
		};
		62D3B6E41BF2FAA80056D509 /* Debug */ = {
			isa = XCBuildConfiguration;
			buildSettings = {
				BUNDLE_LOADER = "$(TEST_HOST)";
				FRAMEWORK_SEARCH_PATHS = (
					"$(inherited)",
					"$(PROJECT_DIR)/Carthage/Build/iOS",
				);
				INFOPLIST_FILE = MeetTests/Info.plist;
				LD_RUNPATH_SEARCH_PATHS = "$(inherited) @executable_path/Frameworks @loader_path/Frameworks";
				PRODUCT_BUNDLE_IDENTIFIER = "net.digi-tales.MeetTests";
				PRODUCT_NAME = "$(TARGET_NAME)";
				TEST_HOST = "$(BUILT_PRODUCTS_DIR)/Meet.app/Meet";
			};
			name = Debug;
		};
		62D3B6E51BF2FAA80056D509 /* Release */ = {
			isa = XCBuildConfiguration;
			buildSettings = {
				BUNDLE_LOADER = "$(TEST_HOST)";
				FRAMEWORK_SEARCH_PATHS = (
					"$(inherited)",
					"$(PROJECT_DIR)/Carthage/Build/iOS",
				);
				INFOPLIST_FILE = MeetTests/Info.plist;
				LD_RUNPATH_SEARCH_PATHS = "$(inherited) @executable_path/Frameworks @loader_path/Frameworks";
				PRODUCT_BUNDLE_IDENTIFIER = "net.digi-tales.MeetTests";
				PRODUCT_NAME = "$(TARGET_NAME)";
				TEST_HOST = "$(BUILT_PRODUCTS_DIR)/Meet.app/Meet";
			};
			name = Release;
		};
		62D3B6E71BF2FAA80056D509 /* Debug */ = {
			isa = XCBuildConfiguration;
			buildSettings = {
				INFOPLIST_FILE = MeetUITests/Info.plist;
				LD_RUNPATH_SEARCH_PATHS = "$(inherited) @executable_path/Frameworks @loader_path/Frameworks";
				PRODUCT_BUNDLE_IDENTIFIER = "net.digi-tales.MeetUITests";
				PRODUCT_NAME = "$(TARGET_NAME)";
				TEST_TARGET_NAME = Meet;
				USES_XCTRUNNER = YES;
			};
			name = Debug;
		};
		62D3B6E81BF2FAA80056D509 /* Release */ = {
			isa = XCBuildConfiguration;
			buildSettings = {
				INFOPLIST_FILE = MeetUITests/Info.plist;
				LD_RUNPATH_SEARCH_PATHS = "$(inherited) @executable_path/Frameworks @loader_path/Frameworks";
				PRODUCT_BUNDLE_IDENTIFIER = "net.digi-tales.MeetUITests";
				PRODUCT_NAME = "$(TARGET_NAME)";
				TEST_TARGET_NAME = Meet;
				USES_XCTRUNNER = YES;
			};
			name = Release;
		};
/* End XCBuildConfiguration section */

/* Begin XCConfigurationList section */
		6267DD4E1C07A0AA0080BF30 /* Build configuration list for PBXNativeTarget "SwiftFlowRouter" */ = {
			isa = XCConfigurationList;
			buildConfigurations = (
				6267DD4C1C07A0AA0080BF30 /* Debug */,
				6267DD4D1C07A0AA0080BF30 /* Release */,
			);
			defaultConfigurationIsVisible = 0;
			defaultConfigurationName = Release;
		};
		6267DD5F1C07ADA10080BF30 /* Build configuration list for PBXNativeTarget "SwiftFlow" */ = {
			isa = XCConfigurationList;
			buildConfigurations = (
				6267DD601C07ADA10080BF30 /* Debug */,
				6267DD611C07ADA10080BF30 /* Release */,
			);
			defaultConfigurationIsVisible = 0;
			defaultConfigurationName = Release;
		};
		6267DD991C07B2490080BF30 /* Build configuration list for PBXNativeTarget "SwiftFlowReactiveCocoaExtensions" */ = {
			isa = XCConfigurationList;
			buildConfigurations = (
				6267DD9A1C07B2490080BF30 /* Debug */,
				6267DD9B1C07B2490080BF30 /* Release */,
			);
			defaultConfigurationIsVisible = 0;
			defaultConfigurationName = Release;
		};
		627B05E81C09700D00481356 /* Build configuration list for PBXNativeTarget "SwiftFlowTests" */ = {
			isa = XCConfigurationList;
			buildConfigurations = (
				627B05E91C09700D00481356 /* Debug */,
				627B05EA1C09700D00481356 /* Release */,
			);
			defaultConfigurationIsVisible = 0;
			defaultConfigurationName = Release;
		};
		62BBE7A21C0ACE5A004D6822 /* Build configuration list for PBXNativeTarget "SwiftFlowPersistenceNSCoding" */ = {
			isa = XCConfigurationList;
			buildConfigurations = (
				62BBE7A31C0ACE5A004D6822 /* Debug */,
				62BBE7A41C0ACE5A004D6822 /* Release */,
			);
			defaultConfigurationIsVisible = 0;
			defaultConfigurationName = Release;
		};
		62D3B6B31BF2FAA80056D509 /* Build configuration list for PBXProject "Meet" */ = {
			isa = XCConfigurationList;
			buildConfigurations = (
				62D3B6DE1BF2FAA80056D509 /* Debug */,
				62D3B6DF1BF2FAA80056D509 /* Release */,
			);
			defaultConfigurationIsVisible = 0;
			defaultConfigurationName = Release;
		};
		62D3B6E01BF2FAA80056D509 /* Build configuration list for PBXNativeTarget "Meet" */ = {
			isa = XCConfigurationList;
			buildConfigurations = (
				62D3B6E11BF2FAA80056D509 /* Debug */,
				62D3B6E21BF2FAA80056D509 /* Release */,
			);
			defaultConfigurationIsVisible = 0;
			defaultConfigurationName = Release;
		};
		62D3B6E31BF2FAA80056D509 /* Build configuration list for PBXNativeTarget "MeetTests" */ = {
			isa = XCConfigurationList;
			buildConfigurations = (
				62D3B6E41BF2FAA80056D509 /* Debug */,
				62D3B6E51BF2FAA80056D509 /* Release */,
			);
			defaultConfigurationIsVisible = 0;
			defaultConfigurationName = Release;
		};
		62D3B6E61BF2FAA80056D509 /* Build configuration list for PBXNativeTarget "MeetUITests" */ = {
			isa = XCConfigurationList;
			buildConfigurations = (
				62D3B6E71BF2FAA80056D509 /* Debug */,
				62D3B6E81BF2FAA80056D509 /* Release */,
			);
			defaultConfigurationIsVisible = 0;
			defaultConfigurationName = Release;
		};
/* End XCConfigurationList section */
	};
	rootObject = 62D3B6B01BF2FAA80056D509 /* Project object */;
}
